// !$*UTF8*$!
{
	archiveVersion = 1;
	classes = {
	};
	objectVersion = 50;
	objects = {

/* Begin PBXBuildFile section */
		0B202B1D221B11CE00435657 /* FinishViewController.swift in Sources */ = {isa = PBXBuildFile; fileRef = 0B202B1C221B11CE00435657 /* FinishViewController.swift */; };
		0B202B21221B263800435657 /* NSView+Animation.swift in Sources */ = {isa = PBXBuildFile; fileRef = 0B202B20221B263800435657 /* NSView+Animation.swift */; };
		0B3151882227C52500025C6B /* OSLog+Definitions.swift in Sources */ = {isa = PBXBuildFile; fileRef = 0B3151872227C52500025C6B /* OSLog+Definitions.swift */; };
		0B3276CA2219D9410028F007 /* UserDefaultsExtension.swift in Sources */ = {isa = PBXBuildFile; fileRef = 0B3276C92219D9410028F007 /* UserDefaultsExtension.swift */; };
		0B3276CC2219DAA30028F007 /* Preferences.swift in Sources */ = {isa = PBXBuildFile; fileRef = 0B3276CB2219DAA30028F007 /* Preferences.swift */; };
		0B3276D02219E6810028F007 /* GeneralPreferencesViewController.swift in Sources */ = {isa = PBXBuildFile; fileRef = 0B3276CF2219E6810028F007 /* GeneralPreferencesViewController.swift */; };
		0B3276D32219F01F0028F007 /* PathFromFilePathOrURLTransformer.swift in Sources */ = {isa = PBXBuildFile; fileRef = 0B3276D22219F01F0028F007 /* PathFromFilePathOrURLTransformer.swift */; };
		0B3276D52219F0E10028F007 /* PopUpButtonLikePathControl.swift in Sources */ = {isa = PBXBuildFile; fileRef = 0B3276D42219F0E10028F007 /* PopUpButtonLikePathControl.swift */; };
		0B3276DB2219F7360028F007 /* ValueTransformerFactory.swift in Sources */ = {isa = PBXBuildFile; fileRef = 0B3276DA2219F7360028F007 /* ValueTransformerFactory.swift */; };
		0B3D7A51223108DF000F8C85 /* AppUpdater.swift in Sources */ = {isa = PBXBuildFile; fileRef = 0B3D7A50223108DF000F8C85 /* AppUpdater.swift */; };
		0B3D7A5322310967000F8C85 /* PromiseKit.framework in Frameworks */ = {isa = PBXBuildFile; fileRef = 0B3D7A5222310967000F8C85 /* PromiseKit.framework */; };
		0B3D7A5A223109CC000F8C85 /* Version+Foundation.swift in Sources */ = {isa = PBXBuildFile; fileRef = 0B3D7A55223109CC000F8C85 /* Version+Foundation.swift */; };
		0B3D7A5B223109CC000F8C85 /* Version+Codable.swift in Sources */ = {isa = PBXBuildFile; fileRef = 0B3D7A56223109CC000F8C85 /* Version+Codable.swift */; };
		0B3D7A5C223109CC000F8C85 /* Version.swift in Sources */ = {isa = PBXBuildFile; fileRef = 0B3D7A57223109CC000F8C85 /* Version.swift */; };
		0B3D7A5D223109CC000F8C85 /* Version+Range.swift in Sources */ = {isa = PBXBuildFile; fileRef = 0B3D7A58223109CC000F8C85 /* Version+Range.swift */; };
		0B3D7A5E223109CC000F8C85 /* Version+Comparable.swift in Sources */ = {isa = PBXBuildFile; fileRef = 0B3D7A59223109CC000F8C85 /* Version+Comparable.swift */; };
		0B3D7A69223109DD000F8C85 /* Path+Attributes.swift in Sources */ = {isa = PBXBuildFile; fileRef = 0B3D7A60223109DD000F8C85 /* Path+Attributes.swift */; };
		0B3D7A6A223109DD000F8C85 /* Path+CommonDirectories.swift in Sources */ = {isa = PBXBuildFile; fileRef = 0B3D7A61223109DD000F8C85 /* Path+CommonDirectories.swift */; };
		0B3D7A6B223109DD000F8C85 /* Path+ls.swift in Sources */ = {isa = PBXBuildFile; fileRef = 0B3D7A62223109DD000F8C85 /* Path+ls.swift */; };
		0B3D7A6C223109DD000F8C85 /* Path->Bool.swift in Sources */ = {isa = PBXBuildFile; fileRef = 0B3D7A63223109DD000F8C85 /* Path->Bool.swift */; };
		0B3D7A6D223109DD000F8C85 /* Extensions.swift in Sources */ = {isa = PBXBuildFile; fileRef = 0B3D7A64223109DD000F8C85 /* Extensions.swift */; };
		0B3D7A6E223109DD000F8C85 /* Path+FileManager.swift in Sources */ = {isa = PBXBuildFile; fileRef = 0B3D7A65223109DD000F8C85 /* Path+FileManager.swift */; };
		0B3D7A6F223109DD000F8C85 /* Path.swift in Sources */ = {isa = PBXBuildFile; fileRef = 0B3D7A66223109DD000F8C85 /* Path.swift */; };
		0B3D7A70223109DD000F8C85 /* Path+Codable.swift in Sources */ = {isa = PBXBuildFile; fileRef = 0B3D7A67223109DD000F8C85 /* Path+Codable.swift */; };
		0B3D7A71223109DD000F8C85 /* Path+StringConvertibles.swift in Sources */ = {isa = PBXBuildFile; fileRef = 0B3D7A68223109DD000F8C85 /* Path+StringConvertibles.swift */; };
		0B3D7A7422310A52000F8C85 /* PMKFoundation.framework in Frameworks */ = {isa = PBXBuildFile; fileRef = 0B3D7A7322310A52000F8C85 /* PMKFoundation.framework */; };
		0B3D7A7622311676000F8C85 /* Alerts.swift in Sources */ = {isa = PBXBuildFile; fileRef = 0B3D7A7522311676000F8C85 /* Alerts.swift */; };
		0B4309A7221916C500766DB0 /* VideoPlayerViewController.swift in Sources */ = {isa = PBXBuildFile; fileRef = 0B4309A6221916C500766DB0 /* VideoPlayerViewController.swift */; };
		0B4309A9221926C500766DB0 /* BundleExtension.swift in Sources */ = {isa = PBXBuildFile; fileRef = 0B4309A8221926C500766DB0 /* BundleExtension.swift */; };
		0B4309AF22198FAA00766DB0 /* Preferences.storyboard in Resources */ = {isa = PBXBuildFile; fileRef = 0B4309AC22198FAA00766DB0 /* Preferences.storyboard */; };
		0B4309B022198FAA00766DB0 /* PreferencesWindowController.swift in Sources */ = {isa = PBXBuildFile; fileRef = 0B4309AD22198FAA00766DB0 /* PreferencesWindowController.swift */; };
		0B4309B122198FAA00766DB0 /* PreferencesViewController.swift in Sources */ = {isa = PBXBuildFile; fileRef = 0B4309AE22198FAA00766DB0 /* PreferencesViewController.swift */; };
		0B4E811C223BF45600247B63 /* ContainerViewControllerDelegate.swift in Sources */ = {isa = PBXBuildFile; fileRef = 0B4E811B223BF45600247B63 /* ContainerViewControllerDelegate.swift */; };
		0B4E811E223BF47000247B63 /* FinishState.swift in Sources */ = {isa = PBXBuildFile; fileRef = 0B4E811D223BF47000247B63 /* FinishState.swift */; };
		0B4E8120223BF62500247B63 /* RecorderError.swift in Sources */ = {isa = PBXBuildFile; fileRef = 0B4E811F223BF62500247B63 /* RecorderError.swift */; };
		0B4E8122223BF64600247B63 /* recordScreen.swift in Sources */ = {isa = PBXBuildFile; fileRef = 0B4E8121223BF64600247B63 /* recordScreen.swift */; };
		0B4E8124223BF67800247B63 /* NSImage+CGWindowID.swift in Sources */ = {isa = PBXBuildFile; fileRef = 0B4E8123223BF67800247B63 /* NSImage+CGWindowID.swift */; };
		0B4E8126223BFBDD00247B63 /* NotificationNames.swift in Sources */ = {isa = PBXBuildFile; fileRef = 0B4E8125223BFBDD00247B63 /* NotificationNames.swift */; };
		0B581A252221951A006EF012 /* Magnet.framework in Frameworks */ = {isa = PBXBuildFile; fileRef = 0B581A232221951A006EF012 /* Magnet.framework */; };
		0B581A262221951A006EF012 /* KeyHolder.framework in Frameworks */ = {isa = PBXBuildFile; fileRef = 0B581A242221951A006EF012 /* KeyHolder.framework */; };
		0B581A2A222199EA006EF012 /* HotKeyService.swift in Sources */ = {isa = PBXBuildFile; fileRef = 0B581A29222199EA006EF012 /* HotKeyService.swift */; };
		0B581A2C22219B1E006EF012 /* HotKeyType.swift in Sources */ = {isa = PBXBuildFile; fileRef = 0B581A2B22219B1E006EF012 /* HotKeyType.swift */; };
		0B581A2E22219C6A006EF012 /* NSCoding+Archive.swift in Sources */ = {isa = PBXBuildFile; fileRef = 0B581A2D22219C6A006EF012 /* NSCoding+Archive.swift */; };
		0B581A3022219CC0006EF012 /* Constants.swift in Sources */ = {isa = PBXBuildFile; fileRef = 0B581A2F22219CC0006EF012 /* Constants.swift */; };
		0B581A362222141B006EF012 /* RegiftOSX.framework in Frameworks */ = {isa = PBXBuildFile; fileRef = 0B581A352222141B006EF012 /* RegiftOSX.framework */; };
		0B64CD7D2218BA99004F6321 /* Main.storyboard in Resources */ = {isa = PBXBuildFile; fileRef = 0B64CD7C2218BA98004F6321 /* Main.storyboard */; };
		0B64CD7F2218BAF5004F6321 /* WindowListViewController.swift in Sources */ = {isa = PBXBuildFile; fileRef = 0B64CD7E2218BAF5004F6321 /* WindowListViewController.swift */; };
		0B64CD812218BD00004F6321 /* CollectionViewLayoutFactory.swift in Sources */ = {isa = PBXBuildFile; fileRef = 0B64CD802218BD00004F6321 /* CollectionViewLayoutFactory.swift */; };
		0B64CD832218BD51004F6321 /* WindowListViewModel.swift in Sources */ = {isa = PBXBuildFile; fileRef = 0B64CD822218BD51004F6321 /* WindowListViewModel.swift */; };
		0B64CD852218BE38004F6321 /* CollectionViewDataSource.swift in Sources */ = {isa = PBXBuildFile; fileRef = 0B64CD842218BE38004F6321 /* CollectionViewDataSource.swift */; };
		0B64CD892218C936004F6321 /* RecordingButton.swift in Sources */ = {isa = PBXBuildFile; fileRef = 0B64CD882218C936004F6321 /* RecordingButton.swift */; };
		0B64CD8B2218D215004F6321 /* WindowInfoManager.swift in Sources */ = {isa = PBXBuildFile; fileRef = 0B64CD8A2218D215004F6321 /* WindowInfoManager.swift */; };
		0B64CD8D2218D2B5004F6321 /* WindowInfo.swift in Sources */ = {isa = PBXBuildFile; fileRef = 0B64CD8C2218D2B5004F6321 /* WindowInfo.swift */; };
		0B64CD8F2218D4B3004F6321 /* ScreenRecorder.swift in Sources */ = {isa = PBXBuildFile; fileRef = 0B64CD8E2218D4B3004F6321 /* ScreenRecorder.swift */; };
		0B64CD912218D9E1004F6321 /* World.swift in Sources */ = {isa = PBXBuildFile; fileRef = 0B64CD902218D9E1004F6321 /* World.swift */; };
		0B64CD932218DA3F004F6321 /* DirectoryHandler.swift in Sources */ = {isa = PBXBuildFile; fileRef = 0B64CD922218DA3F004F6321 /* DirectoryHandler.swift */; };
		0B64CD952218DA7D004F6321 /* StringExtension.swift in Sources */ = {isa = PBXBuildFile; fileRef = 0B64CD942218DA7D004F6321 /* StringExtension.swift */; };
		0B64CD972218DD5A004F6321 /* ConvertGif.swift in Sources */ = {isa = PBXBuildFile; fileRef = 0B64CD962218DD5A004F6321 /* ConvertGif.swift */; };
		0B64CD9C2218DE1B004F6321 /* Result.swift in Sources */ = {isa = PBXBuildFile; fileRef = 0B64CD9B2218DE1B004F6321 /* Result.swift */; };
		0B64CDA32218E42C004F6321 /* Localizable.strings in Resources */ = {isa = PBXBuildFile; fileRef = 0B64CDA52218E42C004F6321 /* Localizable.strings */; };
		0B8DCAEB22428E0E00F863A8 /* VideoPlayerError.swift in Sources */ = {isa = PBXBuildFile; fileRef = 0B8DCAEA22428E0E00F863A8 /* VideoPlayerError.swift */; };
		0B8DCAED2242944100F863A8 /* AVPlayerView+AspectRatio.swift in Sources */ = {isa = PBXBuildFile; fileRef = 0B8DCAEC2242944100F863A8 /* AVPlayerView+AspectRatio.swift */; };
		0B8DCAEF2242954800F863A8 /* NSTextField+Number.swift in Sources */ = {isa = PBXBuildFile; fileRef = 0B8DCAEE2242954800F863A8 /* NSTextField+Number.swift */; };
		0B8DCAF12242A23700F863A8 /* AVPlayerItem+Export.swift in Sources */ = {isa = PBXBuildFile; fileRef = 0B8DCAF02242A23700F863A8 /* AVPlayerItem+Export.swift */; };
		0B8DCAF3224376A300F863A8 /* CutoutView.swift in Sources */ = {isa = PBXBuildFile; fileRef = 0B8DCAF2224376A300F863A8 /* CutoutView.swift */; };
		0B8DCAF5224376BB00F863A8 /* NSScreen+DirectDisplayID.swift in Sources */ = {isa = PBXBuildFile; fileRef = 0B8DCAF4224376BB00F863A8 /* NSScreen+DirectDisplayID.swift */; };
		0B94455C222815EC0058D5DD /* VideoOptionViewController.swift in Sources */ = {isa = PBXBuildFile; fileRef = 0B944559222815EC0058D5DD /* VideoOptionViewController.swift */; };
		0B94455D222815EC0058D5DD /* LoadingViewController.swift in Sources */ = {isa = PBXBuildFile; fileRef = 0B94455A222815EC0058D5DD /* LoadingViewController.swift */; };
		0BAACBAA223266DB00405ABF /* AboutWindowFramework.framework in Frameworks */ = {isa = PBXBuildFile; fileRef = 0BAACBA9223266DB00405ABF /* AboutWindowFramework.framework */; };
		0BAACBAD2232670700405ABF /* Credits.rtf in Resources */ = {isa = PBXBuildFile; fileRef = 0BAACBAB2232670600405ABF /* Credits.rtf */; };
		0BAACBAE2232670700405ABF /* EULA.rtf in Resources */ = {isa = PBXBuildFile; fileRef = 0BAACBAC2232670700405ABF /* EULA.rtf */; };
		0BBE2D05223D383C00C174CE /* AccessibilityPermission.swift in Sources */ = {isa = PBXBuildFile; fileRef = 0BBE2D04223D383C00C174CE /* AccessibilityPermission.swift */; };
		0BBE2D07223D3BAA00C174CE /* Action.swift in Sources */ = {isa = PBXBuildFile; fileRef = 0BBE2D06223D3BAA00C174CE /* Action.swift */; };
		0BD239ED2219A45D003AF068 /* NSErrorExtension.swift in Sources */ = {isa = PBXBuildFile; fileRef = 0BD239EC2219A45D003AF068 /* NSErrorExtension.swift */; };
		0BD239EF2219A477003AF068 /* ErrorMessageProvider.swift in Sources */ = {isa = PBXBuildFile; fileRef = 0BD239EE2219A477003AF068 /* ErrorMessageProvider.swift */; };
		0BD7501C223AA08000FD2567 /* Cursors.swift in Sources */ = {isa = PBXBuildFile; fileRef = 0BD75014223AA08000FD2567 /* Cursors.swift */; };
		0BD7501D223AA08000FD2567 /* CropView.swift in Sources */ = {isa = PBXBuildFile; fileRef = 0BD75015223AA08000FD2567 /* CropView.swift */; };
		0BD7501E223AA08000FD2567 /* SelectionBox.swift in Sources */ = {isa = PBXBuildFile; fileRef = 0BD75016223AA08000FD2567 /* SelectionBox.swift */; };
		0BD7501F223AA08000FD2567 /* SelectionHandler.swift in Sources */ = {isa = PBXBuildFile; fileRef = 0BD75017223AA08000FD2567 /* SelectionHandler.swift */; };
		0BD75020223AA08000FD2567 /* Foundation+Additions.swift in Sources */ = {isa = PBXBuildFile; fileRef = 0BD75018223AA08000FD2567 /* Foundation+Additions.swift */; };
		0BD75023223AA08100FD2567 /* OverlayBox.swift in Sources */ = {isa = PBXBuildFile; fileRef = 0BD7501B223AA08000FD2567 /* OverlayBox.swift */; };
		0BD75025223AA48800FD2567 /* NSBezierPath+Additions.swift in Sources */ = {isa = PBXBuildFile; fileRef = 0BD75024223AA48800FD2567 /* NSBezierPath+Additions.swift */; };
		0BD7502D223AC04C00FD2567 /* CutoutWindow.swift in Sources */ = {isa = PBXBuildFile; fileRef = 0BD7502C223AC04C00FD2567 /* CutoutWindow.swift */; };
		0BD7502F223BA83500FD2567 /* FlatButton.swift in Sources */ = {isa = PBXBuildFile; fileRef = 0BD7502E223BA83500FD2567 /* FlatButton.swift */; };
		0BE418B5221AE59600B8E85D /* CaptureApplication.swift in Sources */ = {isa = PBXBuildFile; fileRef = 0BE418B4221AE59600B8E85D /* CaptureApplication.swift */; };
		0BE418BC221AF3B200B8E85D /* ContainerViewController.swift in Sources */ = {isa = PBXBuildFile; fileRef = 0BE418BB221AF3B200B8E85D /* ContainerViewController.swift */; };
		0BE418C0221AFE9B00B8E85D /* NSViewController+Child.swift in Sources */ = {isa = PBXBuildFile; fileRef = 0BE418BF221AFE9B00B8E85D /* NSViewController+Child.swift */; };
		0BF2E7F82240D88700A3F64F /* StatusBarItemController.swift in Sources */ = {isa = PBXBuildFile; fileRef = 0BF2E7F72240D88700A3F64F /* StatusBarItemController.swift */; };
		0BF2E7FA2240E6DD00A3F64F /* WindowListViewControllerDelegate.swift in Sources */ = {isa = PBXBuildFile; fileRef = 0BF2E7F92240E6DD00A3F64F /* WindowListViewControllerDelegate.swift */; };
		0BF2E7FC2240E6FC00A3F64F /* StatusBarItemControllerDelegate.swift in Sources */ = {isa = PBXBuildFile; fileRef = 0BF2E7FB2240E6FC00A3F64F /* StatusBarItemControllerDelegate.swift */; };
		0BF2E7FE2240E8C300A3F64F /* CGRect+Extension.swift in Sources */ = {isa = PBXBuildFile; fileRef = 0BF2E7FD2240E8C300A3F64F /* CGRect+Extension.swift */; };
		6BE514A52126A2410068337E /* AppDelegate.swift in Sources */ = {isa = PBXBuildFile; fileRef = 6BE514A42126A2410068337E /* AppDelegate.swift */; };
		6BE514A72126A2430068337E /* Assets.xcassets in Resources */ = {isa = PBXBuildFile; fileRef = 6BE514A62126A2430068337E /* Assets.xcassets */; };
		6BE514B42126A4E60068337E /* CollectionViewItem.swift in Sources */ = {isa = PBXBuildFile; fileRef = 6BE514B22126A4E60068337E /* CollectionViewItem.swift */; };
		6BE514B52126A4E60068337E /* CollectionViewItem.xib in Resources */ = {isa = PBXBuildFile; fileRef = 6BE514B32126A4E60068337E /* CollectionViewItem.xib */; };
/* End PBXBuildFile section */

/* Begin PBXFileReference section */
		0B202B1C221B11CE00435657 /* FinishViewController.swift */ = {isa = PBXFileReference; lastKnownFileType = sourcecode.swift; path = FinishViewController.swift; sourceTree = "<group>"; };
		0B202B20221B263800435657 /* NSView+Animation.swift */ = {isa = PBXFileReference; lastKnownFileType = sourcecode.swift; path = "NSView+Animation.swift"; sourceTree = "<group>"; };
		0B3151872227C52500025C6B /* OSLog+Definitions.swift */ = {isa = PBXFileReference; lastKnownFileType = sourcecode.swift; path = "OSLog+Definitions.swift"; sourceTree = "<group>"; };
		0B3276C92219D9410028F007 /* UserDefaultsExtension.swift */ = {isa = PBXFileReference; lastKnownFileType = sourcecode.swift; path = UserDefaultsExtension.swift; sourceTree = "<group>"; };
		0B3276CB2219DAA30028F007 /* Preferences.swift */ = {isa = PBXFileReference; lastKnownFileType = sourcecode.swift; path = Preferences.swift; sourceTree = "<group>"; };
		0B3276CF2219E6810028F007 /* GeneralPreferencesViewController.swift */ = {isa = PBXFileReference; lastKnownFileType = sourcecode.swift; path = GeneralPreferencesViewController.swift; sourceTree = "<group>"; };
		0B3276D12219E94C0028F007 /* Capture.entitlements */ = {isa = PBXFileReference; lastKnownFileType = text.plist.entitlements; path = Capture.entitlements; sourceTree = "<group>"; };
		0B3276D22219F01F0028F007 /* PathFromFilePathOrURLTransformer.swift */ = {isa = PBXFileReference; fileEncoding = 4; lastKnownFileType = sourcecode.swift; path = PathFromFilePathOrURLTransformer.swift; sourceTree = "<group>"; };
		0B3276D42219F0E10028F007 /* PopUpButtonLikePathControl.swift */ = {isa = PBXFileReference; fileEncoding = 4; lastKnownFileType = sourcecode.swift; path = PopUpButtonLikePathControl.swift; sourceTree = "<group>"; };
		0B3276DA2219F7360028F007 /* ValueTransformerFactory.swift */ = {isa = PBXFileReference; lastKnownFileType = sourcecode.swift; path = ValueTransformerFactory.swift; sourceTree = "<group>"; };
		0B3D7A50223108DF000F8C85 /* AppUpdater.swift */ = {isa = PBXFileReference; lastKnownFileType = sourcecode.swift; path = AppUpdater.swift; sourceTree = "<group>"; };
		0B3D7A5222310967000F8C85 /* PromiseKit.framework */ = {isa = PBXFileReference; lastKnownFileType = wrapper.framework; name = PromiseKit.framework; path = Carthage/Build/Mac/PromiseKit.framework; sourceTree = "<group>"; };
		0B3D7A55223109CC000F8C85 /* Version+Foundation.swift */ = {isa = PBXFileReference; fileEncoding = 4; lastKnownFileType = sourcecode.swift; path = "Version+Foundation.swift"; sourceTree = "<group>"; };
		0B3D7A56223109CC000F8C85 /* Version+Codable.swift */ = {isa = PBXFileReference; fileEncoding = 4; lastKnownFileType = sourcecode.swift; path = "Version+Codable.swift"; sourceTree = "<group>"; };
		0B3D7A57223109CC000F8C85 /* Version.swift */ = {isa = PBXFileReference; fileEncoding = 4; lastKnownFileType = sourcecode.swift; path = Version.swift; sourceTree = "<group>"; };
		0B3D7A58223109CC000F8C85 /* Version+Range.swift */ = {isa = PBXFileReference; fileEncoding = 4; lastKnownFileType = sourcecode.swift; path = "Version+Range.swift"; sourceTree = "<group>"; };
		0B3D7A59223109CC000F8C85 /* Version+Comparable.swift */ = {isa = PBXFileReference; fileEncoding = 4; lastKnownFileType = sourcecode.swift; path = "Version+Comparable.swift"; sourceTree = "<group>"; };
		0B3D7A60223109DD000F8C85 /* Path+Attributes.swift */ = {isa = PBXFileReference; fileEncoding = 4; lastKnownFileType = sourcecode.swift; path = "Path+Attributes.swift"; sourceTree = "<group>"; };
		0B3D7A61223109DD000F8C85 /* Path+CommonDirectories.swift */ = {isa = PBXFileReference; fileEncoding = 4; lastKnownFileType = sourcecode.swift; path = "Path+CommonDirectories.swift"; sourceTree = "<group>"; };
		0B3D7A62223109DD000F8C85 /* Path+ls.swift */ = {isa = PBXFileReference; fileEncoding = 4; lastKnownFileType = sourcecode.swift; path = "Path+ls.swift"; sourceTree = "<group>"; };
		0B3D7A63223109DD000F8C85 /* Path->Bool.swift */ = {isa = PBXFileReference; fileEncoding = 4; lastKnownFileType = sourcecode.swift; path = "Path->Bool.swift"; sourceTree = "<group>"; };
		0B3D7A64223109DD000F8C85 /* Extensions.swift */ = {isa = PBXFileReference; fileEncoding = 4; lastKnownFileType = sourcecode.swift; path = Extensions.swift; sourceTree = "<group>"; };
		0B3D7A65223109DD000F8C85 /* Path+FileManager.swift */ = {isa = PBXFileReference; fileEncoding = 4; lastKnownFileType = sourcecode.swift; path = "Path+FileManager.swift"; sourceTree = "<group>"; };
		0B3D7A66223109DD000F8C85 /* Path.swift */ = {isa = PBXFileReference; fileEncoding = 4; lastKnownFileType = sourcecode.swift; path = Path.swift; sourceTree = "<group>"; };
		0B3D7A67223109DD000F8C85 /* Path+Codable.swift */ = {isa = PBXFileReference; fileEncoding = 4; lastKnownFileType = sourcecode.swift; path = "Path+Codable.swift"; sourceTree = "<group>"; };
		0B3D7A68223109DD000F8C85 /* Path+StringConvertibles.swift */ = {isa = PBXFileReference; fileEncoding = 4; lastKnownFileType = sourcecode.swift; path = "Path+StringConvertibles.swift"; sourceTree = "<group>"; };
		0B3D7A7322310A52000F8C85 /* PMKFoundation.framework */ = {isa = PBXFileReference; lastKnownFileType = wrapper.framework; name = PMKFoundation.framework; path = Carthage/Build/Mac/PMKFoundation.framework; sourceTree = "<group>"; };
		0B3D7A7522311676000F8C85 /* Alerts.swift */ = {isa = PBXFileReference; lastKnownFileType = sourcecode.swift; path = Alerts.swift; sourceTree = "<group>"; };
		0B4309A6221916C500766DB0 /* VideoPlayerViewController.swift */ = {isa = PBXFileReference; lastKnownFileType = sourcecode.swift; path = VideoPlayerViewController.swift; sourceTree = "<group>"; };
		0B4309A8221926C500766DB0 /* BundleExtension.swift */ = {isa = PBXFileReference; lastKnownFileType = sourcecode.swift; path = BundleExtension.swift; sourceTree = "<group>"; };
		0B4309AC22198FAA00766DB0 /* Preferences.storyboard */ = {isa = PBXFileReference; fileEncoding = 4; lastKnownFileType = file.storyboard; path = Preferences.storyboard; sourceTree = "<group>"; };
		0B4309AD22198FAA00766DB0 /* PreferencesWindowController.swift */ = {isa = PBXFileReference; fileEncoding = 4; lastKnownFileType = sourcecode.swift; path = PreferencesWindowController.swift; sourceTree = "<group>"; };
		0B4309AE22198FAA00766DB0 /* PreferencesViewController.swift */ = {isa = PBXFileReference; fileEncoding = 4; lastKnownFileType = sourcecode.swift; path = PreferencesViewController.swift; sourceTree = "<group>"; };
		0B4E811B223BF45600247B63 /* ContainerViewControllerDelegate.swift */ = {isa = PBXFileReference; lastKnownFileType = sourcecode.swift; path = ContainerViewControllerDelegate.swift; sourceTree = "<group>"; };
		0B4E811D223BF47000247B63 /* FinishState.swift */ = {isa = PBXFileReference; lastKnownFileType = sourcecode.swift; path = FinishState.swift; sourceTree = "<group>"; };
		0B4E811F223BF62500247B63 /* RecorderError.swift */ = {isa = PBXFileReference; lastKnownFileType = sourcecode.swift; path = RecorderError.swift; sourceTree = "<group>"; };
		0B4E8121223BF64600247B63 /* recordScreen.swift */ = {isa = PBXFileReference; lastKnownFileType = sourcecode.swift; path = recordScreen.swift; sourceTree = "<group>"; };
		0B4E8123223BF67800247B63 /* NSImage+CGWindowID.swift */ = {isa = PBXFileReference; lastKnownFileType = sourcecode.swift; path = "NSImage+CGWindowID.swift"; sourceTree = "<group>"; };
		0B4E8125223BFBDD00247B63 /* NotificationNames.swift */ = {isa = PBXFileReference; lastKnownFileType = sourcecode.swift; path = NotificationNames.swift; sourceTree = "<group>"; };
		0B581A232221951A006EF012 /* Magnet.framework */ = {isa = PBXFileReference; lastKnownFileType = wrapper.framework; name = Magnet.framework; path = Carthage/Build/Mac/Magnet.framework; sourceTree = "<group>"; };
		0B581A242221951A006EF012 /* KeyHolder.framework */ = {isa = PBXFileReference; lastKnownFileType = wrapper.framework; name = KeyHolder.framework; path = Carthage/Build/Mac/KeyHolder.framework; sourceTree = "<group>"; };
		0B581A29222199EA006EF012 /* HotKeyService.swift */ = {isa = PBXFileReference; lastKnownFileType = sourcecode.swift; path = HotKeyService.swift; sourceTree = "<group>"; };
		0B581A2B22219B1E006EF012 /* HotKeyType.swift */ = {isa = PBXFileReference; lastKnownFileType = sourcecode.swift; path = HotKeyType.swift; sourceTree = "<group>"; };
		0B581A2D22219C6A006EF012 /* NSCoding+Archive.swift */ = {isa = PBXFileReference; lastKnownFileType = sourcecode.swift; path = "NSCoding+Archive.swift"; sourceTree = "<group>"; };
		0B581A2F22219CC0006EF012 /* Constants.swift */ = {isa = PBXFileReference; lastKnownFileType = sourcecode.swift; path = Constants.swift; sourceTree = "<group>"; };
		0B581A352222141B006EF012 /* RegiftOSX.framework */ = {isa = PBXFileReference; lastKnownFileType = wrapper.framework; name = RegiftOSX.framework; path = Carthage/Build/Mac/RegiftOSX.framework; sourceTree = "<group>"; };
		0B64CD7C2218BA98004F6321 /* Main.storyboard */ = {isa = PBXFileReference; lastKnownFileType = file.storyboard; path = Main.storyboard; sourceTree = "<group>"; };
		0B64CD7E2218BAF5004F6321 /* WindowListViewController.swift */ = {isa = PBXFileReference; lastKnownFileType = sourcecode.swift; path = WindowListViewController.swift; sourceTree = "<group>"; };
		0B64CD802218BD00004F6321 /* CollectionViewLayoutFactory.swift */ = {isa = PBXFileReference; lastKnownFileType = sourcecode.swift; path = CollectionViewLayoutFactory.swift; sourceTree = "<group>"; };
		0B64CD822218BD51004F6321 /* WindowListViewModel.swift */ = {isa = PBXFileReference; lastKnownFileType = sourcecode.swift; path = WindowListViewModel.swift; sourceTree = "<group>"; };
		0B64CD842218BE38004F6321 /* CollectionViewDataSource.swift */ = {isa = PBXFileReference; lastKnownFileType = sourcecode.swift; path = CollectionViewDataSource.swift; sourceTree = "<group>"; };
		0B64CD882218C936004F6321 /* RecordingButton.swift */ = {isa = PBXFileReference; lastKnownFileType = sourcecode.swift; path = RecordingButton.swift; sourceTree = "<group>"; };
		0B64CD8A2218D215004F6321 /* WindowInfoManager.swift */ = {isa = PBXFileReference; lastKnownFileType = sourcecode.swift; path = WindowInfoManager.swift; sourceTree = "<group>"; };
		0B64CD8C2218D2B5004F6321 /* WindowInfo.swift */ = {isa = PBXFileReference; lastKnownFileType = sourcecode.swift; path = WindowInfo.swift; sourceTree = "<group>"; };
		0B64CD8E2218D4B3004F6321 /* ScreenRecorder.swift */ = {isa = PBXFileReference; lastKnownFileType = sourcecode.swift; path = ScreenRecorder.swift; sourceTree = "<group>"; };
		0B64CD902218D9E1004F6321 /* World.swift */ = {isa = PBXFileReference; lastKnownFileType = sourcecode.swift; path = World.swift; sourceTree = "<group>"; };
		0B64CD922218DA3F004F6321 /* DirectoryHandler.swift */ = {isa = PBXFileReference; lastKnownFileType = sourcecode.swift; path = DirectoryHandler.swift; sourceTree = "<group>"; };
		0B64CD942218DA7D004F6321 /* StringExtension.swift */ = {isa = PBXFileReference; lastKnownFileType = sourcecode.swift; path = StringExtension.swift; sourceTree = "<group>"; };
		0B64CD962218DD5A004F6321 /* ConvertGif.swift */ = {isa = PBXFileReference; fileEncoding = 4; lastKnownFileType = sourcecode.swift; path = ConvertGif.swift; sourceTree = "<group>"; };
		0B64CD9B2218DE1B004F6321 /* Result.swift */ = {isa = PBXFileReference; lastKnownFileType = sourcecode.swift; path = Result.swift; sourceTree = "<group>"; };
		0B64CDA42218E42C004F6321 /* en */ = {isa = PBXFileReference; lastKnownFileType = text.plist.strings; name = en; path = en.lproj/Localizable.strings; sourceTree = "<group>"; };
		0B8DCAEA22428E0E00F863A8 /* VideoPlayerError.swift */ = {isa = PBXFileReference; lastKnownFileType = sourcecode.swift; path = VideoPlayerError.swift; sourceTree = "<group>"; };
		0B8DCAEC2242944100F863A8 /* AVPlayerView+AspectRatio.swift */ = {isa = PBXFileReference; lastKnownFileType = sourcecode.swift; path = "AVPlayerView+AspectRatio.swift"; sourceTree = "<group>"; };
		0B8DCAEE2242954800F863A8 /* NSTextField+Number.swift */ = {isa = PBXFileReference; lastKnownFileType = sourcecode.swift; path = "NSTextField+Number.swift"; sourceTree = "<group>"; };
		0B8DCAF02242A23700F863A8 /* AVPlayerItem+Export.swift */ = {isa = PBXFileReference; lastKnownFileType = sourcecode.swift; path = "AVPlayerItem+Export.swift"; sourceTree = "<group>"; };
		0B8DCAF2224376A300F863A8 /* CutoutView.swift */ = {isa = PBXFileReference; lastKnownFileType = sourcecode.swift; path = CutoutView.swift; sourceTree = "<group>"; };
		0B8DCAF4224376BB00F863A8 /* NSScreen+DirectDisplayID.swift */ = {isa = PBXFileReference; lastKnownFileType = sourcecode.swift; path = "NSScreen+DirectDisplayID.swift"; sourceTree = "<group>"; };
		0B944559222815EC0058D5DD /* VideoOptionViewController.swift */ = {isa = PBXFileReference; fileEncoding = 4; lastKnownFileType = sourcecode.swift; path = VideoOptionViewController.swift; sourceTree = "<group>"; };
		0B94455A222815EC0058D5DD /* LoadingViewController.swift */ = {isa = PBXFileReference; fileEncoding = 4; lastKnownFileType = sourcecode.swift; path = LoadingViewController.swift; sourceTree = "<group>"; };
		0BAACBA9223266DB00405ABF /* AboutWindowFramework.framework */ = {isa = PBXFileReference; lastKnownFileType = wrapper.framework; name = AboutWindowFramework.framework; path = Carthage/Build/Mac/AboutWindowFramework.framework; sourceTree = "<group>"; };
		0BAACBAB2232670600405ABF /* Credits.rtf */ = {isa = PBXFileReference; fileEncoding = 4; lastKnownFileType = text.rtf; path = Credits.rtf; sourceTree = "<group>"; };
		0BAACBAC2232670700405ABF /* EULA.rtf */ = {isa = PBXFileReference; fileEncoding = 4; lastKnownFileType = text.rtf; path = EULA.rtf; sourceTree = "<group>"; };
		0BBE2D04223D383C00C174CE /* AccessibilityPermission.swift */ = {isa = PBXFileReference; lastKnownFileType = sourcecode.swift; path = AccessibilityPermission.swift; sourceTree = "<group>"; };
		0BBE2D06223D3BAA00C174CE /* Action.swift */ = {isa = PBXFileReference; lastKnownFileType = sourcecode.swift; path = Action.swift; sourceTree = "<group>"; };
		0BD239E822199E09003AF068 /* Automator.framework */ = {isa = PBXFileReference; lastKnownFileType = wrapper.framework; name = Automator.framework; path = System/Library/Frameworks/Automator.framework; sourceTree = SDKROOT; };
		0BD239EC2219A45D003AF068 /* NSErrorExtension.swift */ = {isa = PBXFileReference; lastKnownFileType = sourcecode.swift; path = NSErrorExtension.swift; sourceTree = "<group>"; };
		0BD239EE2219A477003AF068 /* ErrorMessageProvider.swift */ = {isa = PBXFileReference; lastKnownFileType = sourcecode.swift; path = ErrorMessageProvider.swift; sourceTree = "<group>"; };
		0BD75014223AA08000FD2567 /* Cursors.swift */ = {isa = PBXFileReference; fileEncoding = 4; lastKnownFileType = sourcecode.swift; path = Cursors.swift; sourceTree = "<group>"; };
		0BD75015223AA08000FD2567 /* CropView.swift */ = {isa = PBXFileReference; fileEncoding = 4; lastKnownFileType = sourcecode.swift; path = CropView.swift; sourceTree = "<group>"; };
		0BD75016223AA08000FD2567 /* SelectionBox.swift */ = {isa = PBXFileReference; fileEncoding = 4; lastKnownFileType = sourcecode.swift; path = SelectionBox.swift; sourceTree = "<group>"; };
		0BD75017223AA08000FD2567 /* SelectionHandler.swift */ = {isa = PBXFileReference; fileEncoding = 4; lastKnownFileType = sourcecode.swift; path = SelectionHandler.swift; sourceTree = "<group>"; };
		0BD75018223AA08000FD2567 /* Foundation+Additions.swift */ = {isa = PBXFileReference; fileEncoding = 4; lastKnownFileType = sourcecode.swift; path = "Foundation+Additions.swift"; sourceTree = "<group>"; };
		0BD7501B223AA08000FD2567 /* OverlayBox.swift */ = {isa = PBXFileReference; fileEncoding = 4; lastKnownFileType = sourcecode.swift; path = OverlayBox.swift; sourceTree = "<group>"; };
		0BD75024223AA48800FD2567 /* NSBezierPath+Additions.swift */ = {isa = PBXFileReference; fileEncoding = 4; lastKnownFileType = sourcecode.swift; path = "NSBezierPath+Additions.swift"; sourceTree = "<group>"; };
		0BD7502C223AC04C00FD2567 /* CutoutWindow.swift */ = {isa = PBXFileReference; fileEncoding = 4; lastKnownFileType = sourcecode.swift; path = CutoutWindow.swift; sourceTree = "<group>"; };
		0BD7502E223BA83500FD2567 /* FlatButton.swift */ = {isa = PBXFileReference; lastKnownFileType = sourcecode.swift; path = FlatButton.swift; sourceTree = "<group>"; };
		0BE418B4221AE59600B8E85D /* CaptureApplication.swift */ = {isa = PBXFileReference; lastKnownFileType = sourcecode.swift; path = CaptureApplication.swift; sourceTree = "<group>"; };
		0BE418BB221AF3B200B8E85D /* ContainerViewController.swift */ = {isa = PBXFileReference; fileEncoding = 4; lastKnownFileType = sourcecode.swift; path = ContainerViewController.swift; sourceTree = "<group>"; };
		0BE418BF221AFE9B00B8E85D /* NSViewController+Child.swift */ = {isa = PBXFileReference; lastKnownFileType = sourcecode.swift; path = "NSViewController+Child.swift"; sourceTree = "<group>"; };
		0BF2E7F72240D88700A3F64F /* StatusBarItemController.swift */ = {isa = PBXFileReference; lastKnownFileType = sourcecode.swift; path = StatusBarItemController.swift; sourceTree = "<group>"; };
		0BF2E7F92240E6DD00A3F64F /* WindowListViewControllerDelegate.swift */ = {isa = PBXFileReference; lastKnownFileType = sourcecode.swift; path = WindowListViewControllerDelegate.swift; sourceTree = "<group>"; };
		0BF2E7FB2240E6FC00A3F64F /* StatusBarItemControllerDelegate.swift */ = {isa = PBXFileReference; lastKnownFileType = sourcecode.swift; path = StatusBarItemControllerDelegate.swift; sourceTree = "<group>"; };
		0BF2E7FD2240E8C300A3F64F /* CGRect+Extension.swift */ = {isa = PBXFileReference; lastKnownFileType = sourcecode.swift; path = "CGRect+Extension.swift"; sourceTree = "<group>"; };
		6BE514A12126A2410068337E /* Capture.app */ = {isa = PBXFileReference; explicitFileType = wrapper.application; includeInIndex = 0; path = Capture.app; sourceTree = BUILT_PRODUCTS_DIR; };
		6BE514A42126A2410068337E /* AppDelegate.swift */ = {isa = PBXFileReference; lastKnownFileType = sourcecode.swift; path = AppDelegate.swift; sourceTree = "<group>"; };
		6BE514A62126A2430068337E /* Assets.xcassets */ = {isa = PBXFileReference; lastKnownFileType = folder.assetcatalog; path = Assets.xcassets; sourceTree = "<group>"; };
		6BE514AB2126A2440068337E /* Info.plist */ = {isa = PBXFileReference; lastKnownFileType = text.plist.xml; path = Info.plist; sourceTree = "<group>"; };
		6BE514B22126A4E60068337E /* CollectionViewItem.swift */ = {isa = PBXFileReference; lastKnownFileType = sourcecode.swift; path = CollectionViewItem.swift; sourceTree = "<group>"; };
		6BE514B32126A4E60068337E /* CollectionViewItem.xib */ = {isa = PBXFileReference; lastKnownFileType = file.xib; path = CollectionViewItem.xib; sourceTree = "<group>"; };
/* End PBXFileReference section */

/* Begin PBXFrameworksBuildPhase section */
		6BE5149E2126A2410068337E /* Frameworks */ = {
			isa = PBXFrameworksBuildPhase;
			buildActionMask = 2147483647;
			files = (
				0BAACBAA223266DB00405ABF /* AboutWindowFramework.framework in Frameworks */,
				0B3D7A7422310A52000F8C85 /* PMKFoundation.framework in Frameworks */,
				0B3D7A5322310967000F8C85 /* PromiseKit.framework in Frameworks */,
				0B581A362222141B006EF012 /* RegiftOSX.framework in Frameworks */,
				0B581A252221951A006EF012 /* Magnet.framework in Frameworks */,
				0B581A262221951A006EF012 /* KeyHolder.framework in Frameworks */,
			);
			runOnlyForDeploymentPostprocessing = 0;
		};
/* End PBXFrameworksBuildPhase section */

/* Begin PBXGroup section */
		0B202B22221B27D300435657 /* Container */ = {
			isa = PBXGroup;
			children = (
				0B202B25221B27F300435657 /* View */,
			);
			path = Container;
			sourceTree = "<group>";
		};
		0B202B24221B27E300435657 /* Finish */ = {
			isa = PBXGroup;
			children = (
				0B202B1C221B11CE00435657 /* FinishViewController.swift */,
				0B4E811D223BF47000247B63 /* FinishState.swift */,
			);
			path = Finish;
			sourceTree = "<group>";
		};
		0B202B25221B27F300435657 /* View */ = {
			isa = PBXGroup;
			children = (
				0B94455A222815EC0058D5DD /* LoadingViewController.swift */,
				0BE418BB221AF3B200B8E85D /* ContainerViewController.swift */,
				0B4E811B223BF45600247B63 /* ContainerViewControllerDelegate.swift */,
			);
			path = View;
			sourceTree = "<group>";
		};
		0B3D7A54223109CC000F8C85 /* Version */ = {
			isa = PBXGroup;
			children = (
				0B3D7A55223109CC000F8C85 /* Version+Foundation.swift */,
				0B3D7A56223109CC000F8C85 /* Version+Codable.swift */,
				0B3D7A57223109CC000F8C85 /* Version.swift */,
				0B3D7A58223109CC000F8C85 /* Version+Range.swift */,
				0B3D7A59223109CC000F8C85 /* Version+Comparable.swift */,
			);
			path = Version;
			sourceTree = "<group>";
		};
		0B3D7A5F223109DD000F8C85 /* Path */ = {
			isa = PBXGroup;
			children = (
				0B3D7A60223109DD000F8C85 /* Path+Attributes.swift */,
				0B3D7A61223109DD000F8C85 /* Path+CommonDirectories.swift */,
				0B3D7A62223109DD000F8C85 /* Path+ls.swift */,
				0B3D7A63223109DD000F8C85 /* Path->Bool.swift */,
				0B3D7A64223109DD000F8C85 /* Extensions.swift */,
				0B3D7A65223109DD000F8C85 /* Path+FileManager.swift */,
				0B3D7A66223109DD000F8C85 /* Path.swift */,
				0B3D7A67223109DD000F8C85 /* Path+Codable.swift */,
				0B3D7A68223109DD000F8C85 /* Path+StringConvertibles.swift */,
			);
			path = Path;
			sourceTree = "<group>";
		};
		0B3D7A72223109E4000F8C85 /* AppUpdater */ = {
			isa = PBXGroup;
			children = (
				0B3D7A50223108DF000F8C85 /* AppUpdater.swift */,
				0B3D7A5F223109DD000F8C85 /* Path */,
				0B3D7A54223109CC000F8C85 /* Version */,
			);
			path = AppUpdater;
			sourceTree = "<group>";
		};
		0B94456022287E650058D5DD /* Options */ = {
			isa = PBXGroup;
			children = (
				0B944559222815EC0058D5DD /* VideoOptionViewController.swift */,
			);
			path = Options;
			sourceTree = "<group>";
		};
		0BC83202221A07E600FD8CF4 /* Preferences */ = {
			isa = PBXGroup;
			children = (
				0BC83204221A080200FD8CF4 /* View */,
				0BC83203221A07FB00FD8CF4 /* Model */,
			);
			path = Preferences;
			sourceTree = "<group>";
		};
		0BC83203221A07FB00FD8CF4 /* Model */ = {
			isa = PBXGroup;
			children = (
				0B3276CB2219DAA30028F007 /* Preferences.swift */,
			);
			path = Model;
			sourceTree = "<group>";
		};
		0BC83204221A080200FD8CF4 /* View */ = {
			isa = PBXGroup;
			children = (
				0B4309AC22198FAA00766DB0 /* Preferences.storyboard */,
				0B4309AE22198FAA00766DB0 /* PreferencesViewController.swift */,
				0B3276CF2219E6810028F007 /* GeneralPreferencesViewController.swift */,
				0B4309AD22198FAA00766DB0 /* PreferencesWindowController.swift */,
			);
			path = View;
			sourceTree = "<group>";
		};
		0BC83206221A082F00FD8CF4 /* WindowList */ = {
			isa = PBXGroup;
			children = (
				0BC83207221A083F00FD8CF4 /* Model */,
				0BC83208221A084600FD8CF4 /* View */,
			);
			path = WindowList;
			sourceTree = "<group>";
		};
		0BC83207221A083F00FD8CF4 /* Model */ = {
			isa = PBXGroup;
			children = (
				0B64CD8A2218D215004F6321 /* WindowInfoManager.swift */,
				0B64CD8C2218D2B5004F6321 /* WindowInfo.swift */,
				0B64CD842218BE38004F6321 /* CollectionViewDataSource.swift */,
			);
			path = Model;
			sourceTree = "<group>";
		};
		0BC83208221A084600FD8CF4 /* View */ = {
			isa = PBXGroup;
			children = (
				6BE514B22126A4E60068337E /* CollectionViewItem.swift */,
				6BE514B32126A4E60068337E /* CollectionViewItem.xib */,
				0B64CD802218BD00004F6321 /* CollectionViewLayoutFactory.swift */,
				0B64CD7E2218BAF5004F6321 /* WindowListViewController.swift */,
				0BF2E7F92240E6DD00A3F64F /* WindowListViewControllerDelegate.swift */,
				0BF2E7F72240D88700A3F64F /* StatusBarItemController.swift */,
				0BF2E7FB2240E6FC00A3F64F /* StatusBarItemControllerDelegate.swift */,
				0B64CD822218BD51004F6321 /* WindowListViewModel.swift */,
			);
			path = View;
			sourceTree = "<group>";
		};
		0BC83209221A085200FD8CF4 /* Utilities */ = {
			isa = PBXGroup;
			children = (
				0BBE2D06223D3BAA00C174CE /* Action.swift */,
				0B3D7A7522311676000F8C85 /* Alerts.swift */,
				0B8DCAEC2242944100F863A8 /* AVPlayerView+AspectRatio.swift */,
				0B8DCAF02242A23700F863A8 /* AVPlayerItem+Export.swift */,
				0B4309A8221926C500766DB0 /* BundleExtension.swift */,
				0BF2E7FD2240E8C300A3F64F /* CGRect+Extension.swift */,
				0B64CD922218DA3F004F6321 /* DirectoryHandler.swift */,
				0B4E8125223BFBDD00247B63 /* NotificationNames.swift */,
				0B8DCAEE2242954800F863A8 /* NSTextField+Number.swift */,
				0B8DCAF4224376BB00F863A8 /* NSScreen+DirectDisplayID.swift */,
				0B64CD9B2218DE1B004F6321 /* Result.swift */,
				0B64CD942218DA7D004F6321 /* StringExtension.swift */,
				0B3276C92219D9410028F007 /* UserDefaultsExtension.swift */,
				0B64CD902218D9E1004F6321 /* World.swift */,
				0BC8320B221A087700FD8CF4 /* Error */,
				0BC8320A221A086E00FD8CF4 /* ValueTransformer */,
				0B581A29222199EA006EF012 /* HotKeyService.swift */,
				0B581A2B22219B1E006EF012 /* HotKeyType.swift */,
				0B581A2D22219C6A006EF012 /* NSCoding+Archive.swift */,
				0B3151872227C52500025C6B /* OSLog+Definitions.swift */,
				0B4E8123223BF67800247B63 /* NSImage+CGWindowID.swift */,
				0BBE2D04223D383C00C174CE /* AccessibilityPermission.swift */,
			);
			path = Utilities;
			sourceTree = "<group>";
		};
		0BC8320A221A086E00FD8CF4 /* ValueTransformer */ = {
			isa = PBXGroup;
			children = (
				0B3276D22219F01F0028F007 /* PathFromFilePathOrURLTransformer.swift */,
				0B3276DA2219F7360028F007 /* ValueTransformerFactory.swift */,
			);
			path = ValueTransformer;
			sourceTree = "<group>";
		};
		0BC8320B221A087700FD8CF4 /* Error */ = {
			isa = PBXGroup;
			children = (
				0BD239EC2219A45D003AF068 /* NSErrorExtension.swift */,
				0BD239EE2219A477003AF068 /* ErrorMessageProvider.swift */,
			);
			path = Error;
			sourceTree = "<group>";
		};
		0BC8320C221A08CE00FD8CF4 /* Custom Views */ = {
			isa = PBXGroup;
			children = (
				0BD75028223AC00100FD2567 /* CropView */,
				0BE418BF221AFE9B00B8E85D /* NSViewController+Child.swift */,
				0B202B20221B263800435657 /* NSView+Animation.swift */,
				0B64CD882218C936004F6321 /* RecordingButton.swift */,
				0B3276D42219F0E10028F007 /* PopUpButtonLikePathControl.swift */,
				0BD7502E223BA83500FD2567 /* FlatButton.swift */,
				0B8DCAF2224376A300F863A8 /* CutoutView.swift */,
			);
			path = "Custom Views";
			sourceTree = "<group>";
		};
		0BC8320D221A08EB00FD8CF4 /* VideoHandling */ = {
			isa = PBXGroup;
			children = (
				0B64CD962218DD5A004F6321 /* ConvertGif.swift */,
				0B64CD8E2218D4B3004F6321 /* ScreenRecorder.swift */,
				0B4E811F223BF62500247B63 /* RecorderError.swift */,
				0B4309A6221916C500766DB0 /* VideoPlayerViewController.swift */,
				0B4E8121223BF64600247B63 /* recordScreen.swift */,
				0B8DCAEA22428E0E00F863A8 /* VideoPlayerError.swift */,
			);
			path = VideoHandling;
			sourceTree = "<group>";
		};
		0BD239E722199E09003AF068 /* Frameworks */ = {
			isa = PBXGroup;
			children = (
				0BAACBA9223266DB00405ABF /* AboutWindowFramework.framework */,
				0B3D7A7322310A52000F8C85 /* PMKFoundation.framework */,
				0B3D7A5222310967000F8C85 /* PromiseKit.framework */,
				0B581A352222141B006EF012 /* RegiftOSX.framework */,
				0B581A242221951A006EF012 /* KeyHolder.framework */,
				0B581A232221951A006EF012 /* Magnet.framework */,
				0BD239E822199E09003AF068 /* Automator.framework */,
			);
			name = Frameworks;
			sourceTree = "<group>";
		};
		0BD75028223AC00100FD2567 /* CropView */ = {
			isa = PBXGroup;
			children = (
				0BD7502C223AC04C00FD2567 /* CutoutWindow.swift */,
				0BD75015223AA08000FD2567 /* CropView.swift */,
				0BD75014223AA08000FD2567 /* Cursors.swift */,
				0BD75018223AA08000FD2567 /* Foundation+Additions.swift */,
				0BD75024223AA48800FD2567 /* NSBezierPath+Additions.swift */,
				0BD7501B223AA08000FD2567 /* OverlayBox.swift */,
				0BD75016223AA08000FD2567 /* SelectionBox.swift */,
				0BD75017223AA08000FD2567 /* SelectionHandler.swift */,
			);
			path = CropView;
			sourceTree = "<group>";
		};
		6BE514982126A2400068337E = {
			isa = PBXGroup;
			children = (
				6BE514A32126A2410068337E /* Capture */,
				6BE514A22126A2410068337E /* Products */,
				0BD239E722199E09003AF068 /* Frameworks */,
			);
			sourceTree = "<group>";
		};
		6BE514A22126A2410068337E /* Products */ = {
			isa = PBXGroup;
			children = (
				6BE514A12126A2410068337E /* Capture.app */,
			);
			name = Products;
			sourceTree = "<group>";
		};
		6BE514A32126A2410068337E /* Capture */ = {
			isa = PBXGroup;
			children = (
				0B64CD7C2218BA98004F6321 /* Main.storyboard */,
				6BE514A42126A2410068337E /* AppDelegate.swift */,
				0BE418B4221AE59600B8E85D /* CaptureApplication.swift */,
				0B581A2F22219CC0006EF012 /* Constants.swift */,
				0BAACBAB2232670600405ABF /* Credits.rtf */,
				0BAACBAC2232670700405ABF /* EULA.rtf */,
				0B3D7A72223109E4000F8C85 /* AppUpdater */,
				0B202B22221B27D300435657 /* Container */,
				0BC8320C221A08CE00FD8CF4 /* Custom Views */,
				0B202B24221B27E300435657 /* Finish */,
				0B94456022287E650058D5DD /* Options */,
				0BC83202221A07E600FD8CF4 /* Preferences */,
				0BC83209221A085200FD8CF4 /* Utilities */,
				0BC8320D221A08EB00FD8CF4 /* VideoHandling */,
				0BC83206221A082F00FD8CF4 /* WindowList */,
				0B3276D12219E94C0028F007 /* Capture.entitlements */,
				6BE514AB2126A2440068337E /* Info.plist */,
				6BE514A62126A2430068337E /* Assets.xcassets */,
				0B64CDA52218E42C004F6321 /* Localizable.strings */,
			);
			path = Capture;
			sourceTree = "<group>";
		};
/* End PBXGroup section */

/* Begin PBXNativeTarget section */
		6BE514A02126A2410068337E /* Capture */ = {
			isa = PBXNativeTarget;
			buildConfigurationList = 6BE514AF2126A2440068337E /* Build configuration list for PBXNativeTarget "Capture" */;
			buildPhases = (
				6BE5149D2126A2410068337E /* Sources */,
				6BE5149E2126A2410068337E /* Frameworks */,
				6BE5149F2126A2410068337E /* Resources */,
				0B581A22222194BD006EF012 /* Carthage Copy Frameworks */,
				0B88C3B52232D7740003899A /* Lint */,
			);
			buildRules = (
			);
			dependencies = (
			);
			name = Capture;
			productName = AllWindows;
			productReference = 6BE514A12126A2410068337E /* Capture.app */;
			productType = "com.apple.product-type.application";
		};
/* End PBXNativeTarget section */

/* Begin PBXProject section */
		6BE514992126A2400068337E /* Project object */ = {
			isa = PBXProject;
			attributes = {
				LastSwiftUpdateCheck = 0940;
				LastUpgradeCheck = 0940;
				ORGANIZATIONNAME = "Yumemi Inc.";
				TargetAttributes = {
					6BE514A02126A2410068337E = {
						CreatedOnToolsVersion = 9.4.1;
						LastSwiftMigration = 1000;
						SystemCapabilities = {
							com.apple.Sandbox = {
								enabled = 0;
							};
						};
					};
				};
			};
			buildConfigurationList = 6BE5149C2126A2400068337E /* Build configuration list for PBXProject "Capture" */;
			compatibilityVersion = "Xcode 9.3";
			developmentRegion = en;
			hasScannedForEncodings = 0;
			knownRegions = (
				en,
				Base,
			);
			mainGroup = 6BE514982126A2400068337E;
			productRefGroup = 6BE514A22126A2410068337E /* Products */;
			projectDirPath = "";
			projectRoot = "";
			targets = (
				6BE514A02126A2410068337E /* Capture */,
			);
		};
/* End PBXProject section */

/* Begin PBXResourcesBuildPhase section */
		6BE5149F2126A2410068337E /* Resources */ = {
			isa = PBXResourcesBuildPhase;
			buildActionMask = 2147483647;
			files = (
				0B64CDA32218E42C004F6321 /* Localizable.strings in Resources */,
				0BAACBAD2232670700405ABF /* Credits.rtf in Resources */,
				6BE514A72126A2430068337E /* Assets.xcassets in Resources */,
				6BE514B52126A4E60068337E /* CollectionViewItem.xib in Resources */,
				0B4309AF22198FAA00766DB0 /* Preferences.storyboard in Resources */,
				0BAACBAE2232670700405ABF /* EULA.rtf in Resources */,
				0B64CD7D2218BA99004F6321 /* Main.storyboard in Resources */,
			);
			runOnlyForDeploymentPostprocessing = 0;
		};
/* End PBXResourcesBuildPhase section */

/* Begin PBXShellScriptBuildPhase section */
		0B581A22222194BD006EF012 /* Carthage Copy Frameworks */ = {
			isa = PBXShellScriptBuildPhase;
			buildActionMask = 2147483647;
			files = (
			);
			inputFileListPaths = (
			);
			inputPaths = (
				"$(SRCROOT)/Carthage/Build/Mac/Magnet.framework",
				"$(SRCROOT)/Carthage/Build/Mac/KeyHolder.framework",
				"$(SRCROOT)/Carthage/Build/Mac/RegiftOSX.framework",
				"$(SRCROOT)/Carthage/Build/Mac/PromiseKit.framework",
				"$(SRCROOT)/Carthage/Build/Mac/PMKFoundation.framework",
				"$(SRCROOT)/Carthage/Build/Mac/AboutWindowFramework.framework",
			);
			name = "Carthage Copy Frameworks";
			outputFileListPaths = (
			);
			outputPaths = (
				"$(BUILT_PRODUCTS_DIR)/$(FRAMEWORKS_FOLDER_PATH)/Magnet.framework\n",
				"$(BUILT_PRODUCTS_DIR)/$(FRAMEWORKS_FOLDER_PATH)/KeyHolder.framework\n",
				"$(BUILT_PRODUCTS_DIR)/$(FRAMEWORKS_FOLDER_PATH)/RegiftOSX.framework",
				"$(BUILT_PRODUCTS_DIR)/$(FRAMEWORKS_FOLDER_PATH)/PromiseKit.framework",
				"$(BUILT_PRODUCTS_DIR)/$(FRAMEWORKS_FOLDER_PATH)/PMKFoundation.framework",
				"$(BUILT_PRODUCTS_DIR)/$(FRAMEWORKS_FOLDER_PATH)/AboutWindowFramework.framework",
			);
			runOnlyForDeploymentPostprocessing = 0;
			shellPath = /bin/sh;
			shellScript = "/usr/local/bin/carthage copy-frameworks\n";
		};
		0B88C3B52232D7740003899A /* Lint */ = {
			isa = PBXShellScriptBuildPhase;
			buildActionMask = 2147483647;
			files = (
			);
			inputFileListPaths = (
			);
			inputPaths = (
			);
			name = Lint;
			outputFileListPaths = (
			);
			outputPaths = (
			);
			runOnlyForDeploymentPostprocessing = 0;
			shellPath = /bin/sh;
			shellScript = "rake lint\n";
		};
/* End PBXShellScriptBuildPhase section */

/* Begin PBXSourcesBuildPhase section */
		6BE5149D2126A2410068337E /* Sources */ = {
			isa = PBXSourcesBuildPhase;
			buildActionMask = 2147483647;
			files = (
				0B64CD892218C936004F6321 /* RecordingButton.swift in Sources */,
				0B64CD7F2218BAF5004F6321 /* WindowListViewController.swift in Sources */,
				0B64CD812218BD00004F6321 /* CollectionViewLayoutFactory.swift in Sources */,
				0B4309A7221916C500766DB0 /* VideoPlayerViewController.swift in Sources */,
				0B8DCAF12242A23700F863A8 /* AVPlayerItem+Export.swift in Sources */,
				0B3D7A6E223109DD000F8C85 /* Path+FileManager.swift in Sources */,
				0B4309A9221926C500766DB0 /* BundleExtension.swift in Sources */,
				0B3276D32219F01F0028F007 /* PathFromFilePathOrURLTransformer.swift in Sources */,
				0BD239EF2219A477003AF068 /* ErrorMessageProvider.swift in Sources */,
				0B64CD832218BD51004F6321 /* WindowListViewModel.swift in Sources */,
				0B64CD932218DA3F004F6321 /* DirectoryHandler.swift in Sources */,
				0B3D7A5C223109CC000F8C85 /* Version.swift in Sources */,
				0B4E8126223BFBDD00247B63 /* NotificationNames.swift in Sources */,
				0B3276D52219F0E10028F007 /* PopUpButtonLikePathControl.swift in Sources */,
				6BE514A52126A2410068337E /* AppDelegate.swift in Sources */,
				0B64CD9C2218DE1B004F6321 /* Result.swift in Sources */,
				0B3D7A6B223109DD000F8C85 /* Path+ls.swift in Sources */,
				0BE418BC221AF3B200B8E85D /* ContainerViewController.swift in Sources */,
				0B4E8124223BF67800247B63 /* NSImage+CGWindowID.swift in Sources */,
				0B581A2A222199EA006EF012 /* HotKeyService.swift in Sources */,
				0B64CD972218DD5A004F6321 /* ConvertGif.swift in Sources */,
				0BF2E7FC2240E6FC00A3F64F /* StatusBarItemControllerDelegate.swift in Sources */,
				0B3D7A7622311676000F8C85 /* Alerts.swift in Sources */,
				0B3276CA2219D9410028F007 /* UserDefaultsExtension.swift in Sources */,
				0BD75025223AA48800FD2567 /* NSBezierPath+Additions.swift in Sources */,
				0BD7501D223AA08000FD2567 /* CropView.swift in Sources */,
				0B3276D02219E6810028F007 /* GeneralPreferencesViewController.swift in Sources */,
				0B3D7A5E223109CC000F8C85 /* Version+Comparable.swift in Sources */,
				6BE514B42126A4E60068337E /* CollectionViewItem.swift in Sources */,
				0BE418B5221AE59600B8E85D /* CaptureApplication.swift in Sources */,
				0B3D7A71223109DD000F8C85 /* Path+StringConvertibles.swift in Sources */,
				0B3D7A51223108DF000F8C85 /* AppUpdater.swift in Sources */,
				0B3D7A6D223109DD000F8C85 /* Extensions.swift in Sources */,
				0B3151882227C52500025C6B /* OSLog+Definitions.swift in Sources */,
				0BBE2D05223D383C00C174CE /* AccessibilityPermission.swift in Sources */,
				0B4E811E223BF47000247B63 /* FinishState.swift in Sources */,
				0B64CD8D2218D2B5004F6321 /* WindowInfo.swift in Sources */,
				0B3276CC2219DAA30028F007 /* Preferences.swift in Sources */,
				0B64CD912218D9E1004F6321 /* World.swift in Sources */,
				0B64CD8B2218D215004F6321 /* WindowInfoManager.swift in Sources */,
				0B3D7A6F223109DD000F8C85 /* Path.swift in Sources */,
				0BD239ED2219A45D003AF068 /* NSErrorExtension.swift in Sources */,
				0B581A3022219CC0006EF012 /* Constants.swift in Sources */,
				0B202B21221B263800435657 /* NSView+Animation.swift in Sources */,
				0B581A2E22219C6A006EF012 /* NSCoding+Archive.swift in Sources */,
				0B94455D222815EC0058D5DD /* LoadingViewController.swift in Sources */,
				0B8DCAEF2242954800F863A8 /* NSTextField+Number.swift in Sources */,
				0B3D7A70223109DD000F8C85 /* Path+Codable.swift in Sources */,
				0B4E8120223BF62500247B63 /* RecorderError.swift in Sources */,
				0B64CD852218BE38004F6321 /* CollectionViewDataSource.swift in Sources */,
				0B4E811C223BF45600247B63 /* ContainerViewControllerDelegate.swift in Sources */,
				0B8DCAF5224376BB00F863A8 /* NSScreen+DirectDisplayID.swift in Sources */,
				0B3276DB2219F7360028F007 /* ValueTransformerFactory.swift in Sources */,
				0BF2E7F82240D88700A3F64F /* StatusBarItemController.swift in Sources */,
				0BBE2D07223D3BAA00C174CE /* Action.swift in Sources */,
				0B64CD952218DA7D004F6321 /* StringExtension.swift in Sources */,
				0B581A2C22219B1E006EF012 /* HotKeyType.swift in Sources */,
				0B4309B022198FAA00766DB0 /* PreferencesWindowController.swift in Sources */,
				0B64CD8F2218D4B3004F6321 /* ScreenRecorder.swift in Sources */,
				0BD7502F223BA83500FD2567 /* FlatButton.swift in Sources */,
				0BD7502D223AC04C00FD2567 /* CutoutWindow.swift in Sources */,
				0BD7501C223AA08000FD2567 /* Cursors.swift in Sources */,
				0BD75023223AA08100FD2567 /* OverlayBox.swift in Sources */,
				0B3D7A69223109DD000F8C85 /* Path+Attributes.swift in Sources */,
				0B3D7A5D223109CC000F8C85 /* Version+Range.swift in Sources */,
				0BF2E7FA2240E6DD00A3F64F /* WindowListViewControllerDelegate.swift in Sources */,
				0BD75020223AA08000FD2567 /* Foundation+Additions.swift in Sources */,
				0B3D7A5A223109CC000F8C85 /* Version+Foundation.swift in Sources */,
				0BD7501E223AA08000FD2567 /* SelectionBox.swift in Sources */,
				0B3D7A5B223109CC000F8C85 /* Version+Codable.swift in Sources */,
				0BF2E7FE2240E8C300A3F64F /* CGRect+Extension.swift in Sources */,
				0B8DCAED2242944100F863A8 /* AVPlayerView+AspectRatio.swift in Sources */,
				0B8DCAF3224376A300F863A8 /* CutoutView.swift in Sources */,
				0BE418C0221AFE9B00B8E85D /* NSViewController+Child.swift in Sources */,
				0B4309B122198FAA00766DB0 /* PreferencesViewController.swift in Sources */,
				0BD7501F223AA08000FD2567 /* SelectionHandler.swift in Sources */,
				0B3D7A6C223109DD000F8C85 /* Path->Bool.swift in Sources */,
				0B4E8122223BF64600247B63 /* recordScreen.swift in Sources */,
				0B202B1D221B11CE00435657 /* FinishViewController.swift in Sources */,
				0B3D7A6A223109DD000F8C85 /* Path+CommonDirectories.swift in Sources */,
				0B8DCAEB22428E0E00F863A8 /* VideoPlayerError.swift in Sources */,
				0B94455C222815EC0058D5DD /* VideoOptionViewController.swift in Sources */,
			);
			runOnlyForDeploymentPostprocessing = 0;
		};
/* End PBXSourcesBuildPhase section */

/* Begin PBXVariantGroup section */
		0B64CDA52218E42C004F6321 /* Localizable.strings */ = {
			isa = PBXVariantGroup;
			children = (
				0B64CDA42218E42C004F6321 /* en */,
			);
			name = Localizable.strings;
			sourceTree = "<group>";
		};
/* End PBXVariantGroup section */

/* Begin XCBuildConfiguration section */
		6BE514AD2126A2440068337E /* Debug */ = {
			isa = XCBuildConfiguration;
			buildSettings = {
				ALWAYS_SEARCH_USER_PATHS = NO;
				CLANG_ANALYZER_NONNULL = YES;
				CLANG_ANALYZER_NUMBER_OBJECT_CONVERSION = YES_AGGRESSIVE;
				CLANG_CXX_LANGUAGE_STANDARD = "gnu++14";
				CLANG_CXX_LIBRARY = "libc++";
				CLANG_ENABLE_MODULES = YES;
				CLANG_ENABLE_OBJC_ARC = YES;
				CLANG_ENABLE_OBJC_WEAK = YES;
				CLANG_WARN_BLOCK_CAPTURE_AUTORELEASING = YES;
				CLANG_WARN_BOOL_CONVERSION = YES;
				CLANG_WARN_COMMA = YES;
				CLANG_WARN_CONSTANT_CONVERSION = YES;
				CLANG_WARN_DEPRECATED_OBJC_IMPLEMENTATIONS = YES;
				CLANG_WARN_DIRECT_OBJC_ISA_USAGE = YES_ERROR;
				CLANG_WARN_DOCUMENTATION_COMMENTS = YES;
				CLANG_WARN_EMPTY_BODY = YES;
				CLANG_WARN_ENUM_CONVERSION = YES;
				CLANG_WARN_INFINITE_RECURSION = YES;
				CLANG_WARN_INT_CONVERSION = YES;
				CLANG_WARN_NON_LITERAL_NULL_CONVERSION = YES;
				CLANG_WARN_OBJC_IMPLICIT_RETAIN_SELF = YES;
				CLANG_WARN_OBJC_LITERAL_CONVERSION = YES;
				CLANG_WARN_OBJC_ROOT_CLASS = YES_ERROR;
				CLANG_WARN_RANGE_LOOP_ANALYSIS = YES;
				CLANG_WARN_STRICT_PROTOTYPES = YES;
				CLANG_WARN_SUSPICIOUS_MOVE = YES;
				CLANG_WARN_UNGUARDED_AVAILABILITY = YES_AGGRESSIVE;
				CLANG_WARN_UNREACHABLE_CODE = YES;
				CLANG_WARN__DUPLICATE_METHOD_MATCH = YES;
				CODE_SIGN_IDENTITY = "-";
				COPY_PHASE_STRIP = NO;
				DEBUG_INFORMATION_FORMAT = dwarf;
				ENABLE_STRICT_OBJC_MSGSEND = YES;
				ENABLE_TESTABILITY = YES;
				GCC_C_LANGUAGE_STANDARD = gnu11;
				GCC_DYNAMIC_NO_PIC = NO;
				GCC_NO_COMMON_BLOCKS = YES;
				GCC_OPTIMIZATION_LEVEL = 0;
				GCC_PREPROCESSOR_DEFINITIONS = (
					"DEBUG=1",
					"$(inherited)",
				);
				GCC_WARN_64_TO_32_BIT_CONVERSION = YES;
				GCC_WARN_ABOUT_RETURN_TYPE = YES_ERROR;
				GCC_WARN_UNDECLARED_SELECTOR = YES;
				GCC_WARN_UNINITIALIZED_AUTOS = YES_AGGRESSIVE;
				GCC_WARN_UNUSED_FUNCTION = YES;
				GCC_WARN_UNUSED_VARIABLE = YES;
				MACOSX_DEPLOYMENT_TARGET = 10.14;
				MTL_ENABLE_DEBUG_INFO = YES;
				ONLY_ACTIVE_ARCH = YES;
				SDKROOT = macosx;
				SWIFT_ACTIVE_COMPILATION_CONDITIONS = DEBUG;
				SWIFT_OPTIMIZATION_LEVEL = "-Onone";
			};
			name = Debug;
		};
		6BE514AE2126A2440068337E /* Release */ = {
			isa = XCBuildConfiguration;
			buildSettings = {
				ALWAYS_SEARCH_USER_PATHS = NO;
				CLANG_ANALYZER_NONNULL = YES;
				CLANG_ANALYZER_NUMBER_OBJECT_CONVERSION = YES_AGGRESSIVE;
				CLANG_CXX_LANGUAGE_STANDARD = "gnu++14";
				CLANG_CXX_LIBRARY = "libc++";
				CLANG_ENABLE_MODULES = YES;
				CLANG_ENABLE_OBJC_ARC = YES;
				CLANG_ENABLE_OBJC_WEAK = YES;
				CLANG_WARN_BLOCK_CAPTURE_AUTORELEASING = YES;
				CLANG_WARN_BOOL_CONVERSION = YES;
				CLANG_WARN_COMMA = YES;
				CLANG_WARN_CONSTANT_CONVERSION = YES;
				CLANG_WARN_DEPRECATED_OBJC_IMPLEMENTATIONS = YES;
				CLANG_WARN_DIRECT_OBJC_ISA_USAGE = YES_ERROR;
				CLANG_WARN_DOCUMENTATION_COMMENTS = YES;
				CLANG_WARN_EMPTY_BODY = YES;
				CLANG_WARN_ENUM_CONVERSION = YES;
				CLANG_WARN_INFINITE_RECURSION = YES;
				CLANG_WARN_INT_CONVERSION = YES;
				CLANG_WARN_NON_LITERAL_NULL_CONVERSION = YES;
				CLANG_WARN_OBJC_IMPLICIT_RETAIN_SELF = YES;
				CLANG_WARN_OBJC_LITERAL_CONVERSION = YES;
				CLANG_WARN_OBJC_ROOT_CLASS = YES_ERROR;
				CLANG_WARN_RANGE_LOOP_ANALYSIS = YES;
				CLANG_WARN_STRICT_PROTOTYPES = YES;
				CLANG_WARN_SUSPICIOUS_MOVE = YES;
				CLANG_WARN_UNGUARDED_AVAILABILITY = YES_AGGRESSIVE;
				CLANG_WARN_UNREACHABLE_CODE = YES;
				CLANG_WARN__DUPLICATE_METHOD_MATCH = YES;
				CODE_SIGN_IDENTITY = "-";
				COPY_PHASE_STRIP = NO;
				DEBUG_INFORMATION_FORMAT = "dwarf-with-dsym";
				ENABLE_NS_ASSERTIONS = NO;
				ENABLE_STRICT_OBJC_MSGSEND = YES;
				GCC_C_LANGUAGE_STANDARD = gnu11;
				GCC_NO_COMMON_BLOCKS = YES;
				GCC_WARN_64_TO_32_BIT_CONVERSION = YES;
				GCC_WARN_ABOUT_RETURN_TYPE = YES_ERROR;
				GCC_WARN_UNDECLARED_SELECTOR = YES;
				GCC_WARN_UNINITIALIZED_AUTOS = YES_AGGRESSIVE;
				GCC_WARN_UNUSED_FUNCTION = YES;
				GCC_WARN_UNUSED_VARIABLE = YES;
				MACOSX_DEPLOYMENT_TARGET = 10.14;
				MTL_ENABLE_DEBUG_INFO = NO;
				SDKROOT = macosx;
				SWIFT_COMPILATION_MODE = wholemodule;
				SWIFT_OPTIMIZATION_LEVEL = "-O";
			};
			name = Release;
		};
		6BE514B02126A2440068337E /* Debug */ = {
			isa = XCBuildConfiguration;
			buildSettings = {
				ASSETCATALOG_COMPILER_APPICON_NAME = AppIcon;
				CODE_SIGN_IDENTITY = "Mac Developer";
				CODE_SIGN_STYLE = Automatic;
				COMBINE_HIDPI_IMAGES = YES;
				DEVELOPMENT_TEAM = UQGQH2VG43;
				FRAMEWORK_SEARCH_PATHS = (
					"$(inherited)",
					"$(PROJECT_DIR)/Carthage/Build/Mac",
				);
				INFOPLIST_FILE = Capture/Info.plist;
				LD_RUNPATH_SEARCH_PATHS = (
					"$(inherited)",
					"@executable_path/../Frameworks",
				);
				MACOSX_DEPLOYMENT_TARGET = 10.14;
				PRODUCT_BUNDLE_IDENTIFIER = com.davidehlen.Capture;
				PRODUCT_NAME = "$(TARGET_NAME)";
				PROVISIONING_PROFILE_SPECIFIER = "";
				SWIFT_VERSION = 4.2;
			};
			name = Debug;
		};
		6BE514B12126A2440068337E /* Release */ = {
			isa = XCBuildConfiguration;
			buildSettings = {
				ASSETCATALOG_COMPILER_APPICON_NAME = AppIcon;
				CODE_SIGN_IDENTITY = "Mac Developer";
				CODE_SIGN_STYLE = Automatic;
				COMBINE_HIDPI_IMAGES = YES;
				DEVELOPMENT_TEAM = UQGQH2VG43;
				FRAMEWORK_SEARCH_PATHS = (
					"$(inherited)",
					"$(PROJECT_DIR)/Carthage/Build/Mac",
				);
				INFOPLIST_FILE = Capture/Info.plist;
				LD_RUNPATH_SEARCH_PATHS = (
					"$(inherited)",
					"@executable_path/../Frameworks",
				);
				MACOSX_DEPLOYMENT_TARGET = 10.14;
				PRODUCT_BUNDLE_IDENTIFIER = com.davidehlen.Capture;
				PRODUCT_NAME = "$(TARGET_NAME)";
				PROVISIONING_PROFILE_SPECIFIER = "";
				SWIFT_VERSION = 4.2;
			};
			name = Release;
		};
/* End XCBuildConfiguration section */

/* Begin XCConfigurationList section */
		6BE5149C2126A2400068337E /* Build configuration list for PBXProject "Capture" */ = {
			isa = XCConfigurationList;
			buildConfigurations = (
				6BE514AD2126A2440068337E /* Debug */,
				6BE514AE2126A2440068337E /* Release */,
			);
			defaultConfigurationIsVisible = 0;
			defaultConfigurationName = Release;
		};
		6BE514AF2126A2440068337E /* Build configuration list for PBXNativeTarget "Capture" */ = {
			isa = XCConfigurationList;
			buildConfigurations = (
				6BE514B02126A2440068337E /* Debug */,
				6BE514B12126A2440068337E /* Release */,
			);
			defaultConfigurationIsVisible = 0;
			defaultConfigurationName = Release;
		};
/* End XCConfigurationList section */
	};
	rootObject = 6BE514992126A2400068337E /* Project object */;
}
