// !$*UTF8*$!
{
	archiveVersion = 1;
	classes = {
	};
	objectVersion = 50;
	objects = {

/* Begin PBXBuildFile section */
		0B202B1D221B11CE00435657 /* FinishViewController.swift in Sources */ = {isa = PBXBuildFile; fileRef = 0B202B1C221B11CE00435657 /* FinishViewController.swift */; };
		0B202B1F221B1E7100435657 /* DeselectableTableView.swift in Sources */ = {isa = PBXBuildFile; fileRef = 0B202B1E221B1E7100435657 /* DeselectableTableView.swift */; };
		0B202B21221B263800435657 /* NSView+Animation.swift in Sources */ = {isa = PBXBuildFile; fileRef = 0B202B20221B263800435657 /* NSView+Animation.swift */; };
		0B202B2A221B532B00435657 /* MulitpartFormDataPostRouter.swift in Sources */ = {isa = PBXBuildFile; fileRef = 0B202B29221B532B00435657 /* MulitpartFormDataPostRouter.swift */; };
		0B202B2C221B590400435657 /* MimeType.swift in Sources */ = {isa = PBXBuildFile; fileRef = 0B202B2B221B590400435657 /* MimeType.swift */; };
		0B202B2E221B5D7100435657 /* BitBucketIntegrationError.swift in Sources */ = {isa = PBXBuildFile; fileRef = 0B202B2D221B5D7100435657 /* BitBucketIntegrationError.swift */; };
		0B202B30221B615100435657 /* MarkdownWriter.swift in Sources */ = {isa = PBXBuildFile; fileRef = 0B202B2F221B615100435657 /* MarkdownWriter.swift */; };
		0B202B32221B640500435657 /* NoResponse.swift in Sources */ = {isa = PBXBuildFile; fileRef = 0B202B31221B640500435657 /* NoResponse.swift */; };
		0B202B34221B645800435657 /* NetworkError.swift in Sources */ = {isa = PBXBuildFile; fileRef = 0B202B33221B645800435657 /* NetworkError.swift */; };
		0B202B36221B70E100435657 /* JSONPostRouter.swift in Sources */ = {isa = PBXBuildFile; fileRef = 0B202B35221B70E100435657 /* JSONPostRouter.swift */; };
		0B3276CA2219D9410028F007 /* UserDefaultsExtension.swift in Sources */ = {isa = PBXBuildFile; fileRef = 0B3276C92219D9410028F007 /* UserDefaultsExtension.swift */; };
		0B3276CC2219DAA30028F007 /* Preferences.swift in Sources */ = {isa = PBXBuildFile; fileRef = 0B3276CB2219DAA30028F007 /* Preferences.swift */; };
		0B3276CE2219E47A0028F007 /* NumberValueTransformer.swift in Sources */ = {isa = PBXBuildFile; fileRef = 0B3276CD2219E47A0028F007 /* NumberValueTransformer.swift */; };
		0B3276D02219E6810028F007 /* GeneralPreferencesViewController.swift in Sources */ = {isa = PBXBuildFile; fileRef = 0B3276CF2219E6810028F007 /* GeneralPreferencesViewController.swift */; };
		0B3276D32219F01F0028F007 /* PathFromFilePathOrURLTransformer.swift in Sources */ = {isa = PBXBuildFile; fileRef = 0B3276D22219F01F0028F007 /* PathFromFilePathOrURLTransformer.swift */; };
		0B3276D52219F0E10028F007 /* PopUpButtonLikePathControl.swift in Sources */ = {isa = PBXBuildFile; fileRef = 0B3276D42219F0E10028F007 /* PopUpButtonLikePathControl.swift */; };
		0B3276D72219F1590028F007 /* Sugar.swift in Sources */ = {isa = PBXBuildFile; fileRef = 0B3276D62219F1590028F007 /* Sugar.swift */; };
		0B3276DB2219F7360028F007 /* ValueTransformerFactory.swift in Sources */ = {isa = PBXBuildFile; fileRef = 0B3276DA2219F7360028F007 /* ValueTransformerFactory.swift */; };
		0B4309A7221916C500766DB0 /* VideoPlayerViewController.swift in Sources */ = {isa = PBXBuildFile; fileRef = 0B4309A6221916C500766DB0 /* VideoPlayerViewController.swift */; };
		0B4309A9221926C500766DB0 /* BundleExtension.swift in Sources */ = {isa = PBXBuildFile; fileRef = 0B4309A8221926C500766DB0 /* BundleExtension.swift */; };
		0B4309AF22198FAA00766DB0 /* Preferences.storyboard in Resources */ = {isa = PBXBuildFile; fileRef = 0B4309AC22198FAA00766DB0 /* Preferences.storyboard */; };
		0B4309B022198FAA00766DB0 /* PreferencesWindowController.swift in Sources */ = {isa = PBXBuildFile; fileRef = 0B4309AD22198FAA00766DB0 /* PreferencesWindowController.swift */; };
		0B4309B122198FAA00766DB0 /* PreferencesViewController.swift in Sources */ = {isa = PBXBuildFile; fileRef = 0B4309AE22198FAA00766DB0 /* PreferencesViewController.swift */; };
		0B581A252221951A006EF012 /* Magnet.framework in Frameworks */ = {isa = PBXBuildFile; fileRef = 0B581A232221951A006EF012 /* Magnet.framework */; };
		0B581A262221951A006EF012 /* KeyHolder.framework in Frameworks */ = {isa = PBXBuildFile; fileRef = 0B581A242221951A006EF012 /* KeyHolder.framework */; };
		0B581A282221955D006EF012 /* ShortcutPreferencesViewController.swift in Sources */ = {isa = PBXBuildFile; fileRef = 0B581A272221955D006EF012 /* ShortcutPreferencesViewController.swift */; };
		0B581A2A222199EA006EF012 /* HotKeyService.swift in Sources */ = {isa = PBXBuildFile; fileRef = 0B581A29222199EA006EF012 /* HotKeyService.swift */; };
		0B581A2C22219B1E006EF012 /* HotKeyType.swift in Sources */ = {isa = PBXBuildFile; fileRef = 0B581A2B22219B1E006EF012 /* HotKeyType.swift */; };
		0B581A2E22219C6A006EF012 /* NSCoding+Archive.swift in Sources */ = {isa = PBXBuildFile; fileRef = 0B581A2D22219C6A006EF012 /* NSCoding+Archive.swift */; };
		0B581A3022219CC0006EF012 /* Constants.swift in Sources */ = {isa = PBXBuildFile; fileRef = 0B581A2F22219CC0006EF012 /* Constants.swift */; };
		0B581A322221AD98006EF012 /* CutoutWindow.swift in Sources */ = {isa = PBXBuildFile; fileRef = 0B581A312221AD98006EF012 /* CutoutWindow.swift */; };
		0B581A3422220A82006EF012 /* OptionViewController.swift in Sources */ = {isa = PBXBuildFile; fileRef = 0B581A3322220A82006EF012 /* OptionViewController.swift */; };
		0B581A362222141B006EF012 /* RegiftOSX.framework in Frameworks */ = {isa = PBXBuildFile; fileRef = 0B581A352222141B006EF012 /* RegiftOSX.framework */; };
		0B64CD7D2218BA99004F6321 /* Main.storyboard in Resources */ = {isa = PBXBuildFile; fileRef = 0B64CD7C2218BA98004F6321 /* Main.storyboard */; };
		0B64CD7F2218BAF5004F6321 /* WindowListViewController.swift in Sources */ = {isa = PBXBuildFile; fileRef = 0B64CD7E2218BAF5004F6321 /* WindowListViewController.swift */; };
		0B64CD812218BD00004F6321 /* CollectionViewLayoutFactory.swift in Sources */ = {isa = PBXBuildFile; fileRef = 0B64CD802218BD00004F6321 /* CollectionViewLayoutFactory.swift */; };
		0B64CD832218BD51004F6321 /* WindowListViewModel.swift in Sources */ = {isa = PBXBuildFile; fileRef = 0B64CD822218BD51004F6321 /* WindowListViewModel.swift */; };
		0B64CD852218BE38004F6321 /* CollectionViewDataSource.swift in Sources */ = {isa = PBXBuildFile; fileRef = 0B64CD842218BE38004F6321 /* CollectionViewDataSource.swift */; };
		0B64CD892218C936004F6321 /* RecordingButton.swift in Sources */ = {isa = PBXBuildFile; fileRef = 0B64CD882218C936004F6321 /* RecordingButton.swift */; };
		0B64CD8B2218D215004F6321 /* WindowInfoManager.swift in Sources */ = {isa = PBXBuildFile; fileRef = 0B64CD8A2218D215004F6321 /* WindowInfoManager.swift */; };
		0B64CD8D2218D2B5004F6321 /* WindowInfo.swift in Sources */ = {isa = PBXBuildFile; fileRef = 0B64CD8C2218D2B5004F6321 /* WindowInfo.swift */; };
		0B64CD8F2218D4B3004F6321 /* ScreenRecorder.swift in Sources */ = {isa = PBXBuildFile; fileRef = 0B64CD8E2218D4B3004F6321 /* ScreenRecorder.swift */; };
		0B64CD912218D9E1004F6321 /* World.swift in Sources */ = {isa = PBXBuildFile; fileRef = 0B64CD902218D9E1004F6321 /* World.swift */; };
		0B64CD932218DA3F004F6321 /* DirectoryHandler.swift in Sources */ = {isa = PBXBuildFile; fileRef = 0B64CD922218DA3F004F6321 /* DirectoryHandler.swift */; };
		0B64CD952218DA7D004F6321 /* StringExtension.swift in Sources */ = {isa = PBXBuildFile; fileRef = 0B64CD942218DA7D004F6321 /* StringExtension.swift */; };
		0B64CD972218DD5A004F6321 /* ConvertGif.swift in Sources */ = {isa = PBXBuildFile; fileRef = 0B64CD962218DD5A004F6321 /* ConvertGif.swift */; };
		0B64CD9C2218DE1B004F6321 /* Result.swift in Sources */ = {isa = PBXBuildFile; fileRef = 0B64CD9B2218DE1B004F6321 /* Result.swift */; };
		0B64CDA32218E42C004F6321 /* Localizable.strings in Resources */ = {isa = PBXBuildFile; fileRef = 0B64CDA52218E42C004F6321 /* Localizable.strings */; };
		0BA26204221A9DA10068D387 /* BitBucketIntegration.swift in Sources */ = {isa = PBXBuildFile; fileRef = 0BA261FE221A9DA10068D387 /* BitBucketIntegration.swift */; };
		0BA26205221A9DA10068D387 /* TokenConfiguration.swift in Sources */ = {isa = PBXBuildFile; fileRef = 0BA261FF221A9DA10068D387 /* TokenConfiguration.swift */; };
		0BA26206221A9DA10068D387 /* NSURL+URLParameters.swift in Sources */ = {isa = PBXBuildFile; fileRef = 0BA26200221A9DA10068D387 /* NSURL+URLParameters.swift */; };
		0BA2620B221A9E4A0068D387 /* Router.swift in Sources */ = {isa = PBXBuildFile; fileRef = 0BA2620A221A9E4A0068D387 /* Router.swift */; };
		0BA2620D221A9F9B0068D387 /* RequestKitSession.swift in Sources */ = {isa = PBXBuildFile; fileRef = 0BA2620C221A9F9B0068D387 /* RequestKitSession.swift */; };
		0BA2620F221AA7180068D387 /* PullRequests.swift in Sources */ = {isa = PBXBuildFile; fileRef = 0BA2620E221AA7180068D387 /* PullRequests.swift */; };
		0BA26211221AA85F0068D387 /* Dictionary+Additions.swift in Sources */ = {isa = PBXBuildFile; fileRef = 0BA26210221AA85F0068D387 /* Dictionary+Additions.swift */; };
		0BA26213221AAB710068D387 /* String+QueryParameters.swift in Sources */ = {isa = PBXBuildFile; fileRef = 0BA26212221AAB710068D387 /* String+QueryParameters.swift */; };
		0BA26218221AD42A0068D387 /* IntegrationsPreferencesViewController.swift in Sources */ = {isa = PBXBuildFile; fileRef = 0BA26217221AD42A0068D387 /* IntegrationsPreferencesViewController.swift */; };
		0BD239EB2219A43B003AF068 /* UserInterfaceError.swift in Sources */ = {isa = PBXBuildFile; fileRef = 0BD239EA2219A43B003AF068 /* UserInterfaceError.swift */; };
		0BD239ED2219A45D003AF068 /* NSErrorExtension.swift in Sources */ = {isa = PBXBuildFile; fileRef = 0BD239EC2219A45D003AF068 /* NSErrorExtension.swift */; };
		0BD239EF2219A477003AF068 /* ErrorMessageProvider.swift in Sources */ = {isa = PBXBuildFile; fileRef = 0BD239EE2219A477003AF068 /* ErrorMessageProvider.swift */; };
		0BE418B3221AE33D00B8E85D /* BitBucketIntegrationViewController.swift in Sources */ = {isa = PBXBuildFile; fileRef = 0BE418B2221AE33D00B8E85D /* BitBucketIntegrationViewController.swift */; };
		0BE418B5221AE59600B8E85D /* AnnieApplication.swift in Sources */ = {isa = PBXBuildFile; fileRef = 0BE418B4221AE59600B8E85D /* AnnieApplication.swift */; };
		0BE418BC221AF3B200B8E85D /* ContainerViewController.swift in Sources */ = {isa = PBXBuildFile; fileRef = 0BE418BB221AF3B200B8E85D /* ContainerViewController.swift */; };
		0BE418BE221AF68A00B8E85D /* ContainerPageable.swift in Sources */ = {isa = PBXBuildFile; fileRef = 0BE418BD221AF68A00B8E85D /* ContainerPageable.swift */; };
		0BE418C0221AFE9B00B8E85D /* NSViewController+Child.swift in Sources */ = {isa = PBXBuildFile; fileRef = 0BE418BF221AFE9B00B8E85D /* NSViewController+Child.swift */; };
		0BE418C2221AFF9600B8E85D /* NextContainer.swift in Sources */ = {isa = PBXBuildFile; fileRef = 0BE418C1221AFF9600B8E85D /* NextContainer.swift */; };
		6BE514A52126A2410068337E /* AppDelegate.swift in Sources */ = {isa = PBXBuildFile; fileRef = 6BE514A42126A2410068337E /* AppDelegate.swift */; };
		6BE514A72126A2430068337E /* Assets.xcassets in Resources */ = {isa = PBXBuildFile; fileRef = 6BE514A62126A2430068337E /* Assets.xcassets */; };
		6BE514B42126A4E60068337E /* CollectionViewItem.swift in Sources */ = {isa = PBXBuildFile; fileRef = 6BE514B22126A4E60068337E /* CollectionViewItem.swift */; };
		6BE514B52126A4E60068337E /* CollectionViewItem.xib in Resources */ = {isa = PBXBuildFile; fileRef = 6BE514B32126A4E60068337E /* CollectionViewItem.xib */; };
/* End PBXBuildFile section */

/* Begin PBXFileReference section */
		0B202B1C221B11CE00435657 /* FinishViewController.swift */ = {isa = PBXFileReference; lastKnownFileType = sourcecode.swift; path = FinishViewController.swift; sourceTree = "<group>"; };
		0B202B1E221B1E7100435657 /* DeselectableTableView.swift */ = {isa = PBXFileReference; lastKnownFileType = sourcecode.swift; path = DeselectableTableView.swift; sourceTree = "<group>"; };
		0B202B20221B263800435657 /* NSView+Animation.swift */ = {isa = PBXFileReference; lastKnownFileType = sourcecode.swift; path = "NSView+Animation.swift"; sourceTree = "<group>"; };
		0B202B29221B532B00435657 /* MulitpartFormDataPostRouter.swift */ = {isa = PBXFileReference; lastKnownFileType = sourcecode.swift; path = MulitpartFormDataPostRouter.swift; sourceTree = "<group>"; };
		0B202B2B221B590400435657 /* MimeType.swift */ = {isa = PBXFileReference; lastKnownFileType = sourcecode.swift; path = MimeType.swift; sourceTree = "<group>"; };
		0B202B2D221B5D7100435657 /* BitBucketIntegrationError.swift */ = {isa = PBXFileReference; lastKnownFileType = sourcecode.swift; path = BitBucketIntegrationError.swift; sourceTree = "<group>"; };
		0B202B2F221B615100435657 /* MarkdownWriter.swift */ = {isa = PBXFileReference; lastKnownFileType = sourcecode.swift; path = MarkdownWriter.swift; sourceTree = "<group>"; };
		0B202B31221B640500435657 /* NoResponse.swift */ = {isa = PBXFileReference; lastKnownFileType = sourcecode.swift; path = NoResponse.swift; sourceTree = "<group>"; };
		0B202B33221B645800435657 /* NetworkError.swift */ = {isa = PBXFileReference; lastKnownFileType = sourcecode.swift; path = NetworkError.swift; sourceTree = "<group>"; };
		0B202B35221B70E100435657 /* JSONPostRouter.swift */ = {isa = PBXFileReference; lastKnownFileType = sourcecode.swift; path = JSONPostRouter.swift; sourceTree = "<group>"; };
		0B3276C92219D9410028F007 /* UserDefaultsExtension.swift */ = {isa = PBXFileReference; lastKnownFileType = sourcecode.swift; path = UserDefaultsExtension.swift; sourceTree = "<group>"; };
		0B3276CB2219DAA30028F007 /* Preferences.swift */ = {isa = PBXFileReference; lastKnownFileType = sourcecode.swift; path = Preferences.swift; sourceTree = "<group>"; };
		0B3276CD2219E47A0028F007 /* NumberValueTransformer.swift */ = {isa = PBXFileReference; lastKnownFileType = sourcecode.swift; path = NumberValueTransformer.swift; sourceTree = "<group>"; };
		0B3276CF2219E6810028F007 /* GeneralPreferencesViewController.swift */ = {isa = PBXFileReference; lastKnownFileType = sourcecode.swift; path = GeneralPreferencesViewController.swift; sourceTree = "<group>"; };
		0B3276D12219E94C0028F007 /* Annie.entitlements */ = {isa = PBXFileReference; lastKnownFileType = text.plist.entitlements; path = Annie.entitlements; sourceTree = "<group>"; };
		0B3276D22219F01F0028F007 /* PathFromFilePathOrURLTransformer.swift */ = {isa = PBXFileReference; fileEncoding = 4; lastKnownFileType = sourcecode.swift; path = PathFromFilePathOrURLTransformer.swift; sourceTree = "<group>"; };
		0B3276D42219F0E10028F007 /* PopUpButtonLikePathControl.swift */ = {isa = PBXFileReference; fileEncoding = 4; lastKnownFileType = sourcecode.swift; path = PopUpButtonLikePathControl.swift; sourceTree = "<group>"; };
		0B3276D62219F1590028F007 /* Sugar.swift */ = {isa = PBXFileReference; lastKnownFileType = sourcecode.swift; path = Sugar.swift; sourceTree = "<group>"; };
		0B3276DA2219F7360028F007 /* ValueTransformerFactory.swift */ = {isa = PBXFileReference; lastKnownFileType = sourcecode.swift; path = ValueTransformerFactory.swift; sourceTree = "<group>"; };
		0B4309A6221916C500766DB0 /* VideoPlayerViewController.swift */ = {isa = PBXFileReference; lastKnownFileType = sourcecode.swift; path = VideoPlayerViewController.swift; sourceTree = "<group>"; };
		0B4309A8221926C500766DB0 /* BundleExtension.swift */ = {isa = PBXFileReference; lastKnownFileType = sourcecode.swift; path = BundleExtension.swift; sourceTree = "<group>"; };
		0B4309AC22198FAA00766DB0 /* Preferences.storyboard */ = {isa = PBXFileReference; fileEncoding = 4; lastKnownFileType = file.storyboard; path = Preferences.storyboard; sourceTree = "<group>"; };
		0B4309AD22198FAA00766DB0 /* PreferencesWindowController.swift */ = {isa = PBXFileReference; fileEncoding = 4; lastKnownFileType = sourcecode.swift; path = PreferencesWindowController.swift; sourceTree = "<group>"; };
		0B4309AE22198FAA00766DB0 /* PreferencesViewController.swift */ = {isa = PBXFileReference; fileEncoding = 4; lastKnownFileType = sourcecode.swift; path = PreferencesViewController.swift; sourceTree = "<group>"; };
		0B581A232221951A006EF012 /* Magnet.framework */ = {isa = PBXFileReference; lastKnownFileType = wrapper.framework; name = Magnet.framework; path = Carthage/Build/Mac/Magnet.framework; sourceTree = "<group>"; };
		0B581A242221951A006EF012 /* KeyHolder.framework */ = {isa = PBXFileReference; lastKnownFileType = wrapper.framework; name = KeyHolder.framework; path = Carthage/Build/Mac/KeyHolder.framework; sourceTree = "<group>"; };
		0B581A272221955D006EF012 /* ShortcutPreferencesViewController.swift */ = {isa = PBXFileReference; lastKnownFileType = sourcecode.swift; path = ShortcutPreferencesViewController.swift; sourceTree = "<group>"; };
		0B581A29222199EA006EF012 /* HotKeyService.swift */ = {isa = PBXFileReference; lastKnownFileType = sourcecode.swift; path = HotKeyService.swift; sourceTree = "<group>"; };
		0B581A2B22219B1E006EF012 /* HotKeyType.swift */ = {isa = PBXFileReference; lastKnownFileType = sourcecode.swift; path = HotKeyType.swift; sourceTree = "<group>"; };
		0B581A2D22219C6A006EF012 /* NSCoding+Archive.swift */ = {isa = PBXFileReference; lastKnownFileType = sourcecode.swift; path = "NSCoding+Archive.swift"; sourceTree = "<group>"; };
		0B581A2F22219CC0006EF012 /* Constants.swift */ = {isa = PBXFileReference; lastKnownFileType = sourcecode.swift; path = Constants.swift; sourceTree = "<group>"; };
		0B581A312221AD98006EF012 /* CutoutWindow.swift */ = {isa = PBXFileReference; lastKnownFileType = sourcecode.swift; path = CutoutWindow.swift; sourceTree = "<group>"; };
		0B581A3322220A82006EF012 /* OptionViewController.swift */ = {isa = PBXFileReference; lastKnownFileType = sourcecode.swift; path = OptionViewController.swift; sourceTree = "<group>"; };
		0B581A352222141B006EF012 /* RegiftOSX.framework */ = {isa = PBXFileReference; lastKnownFileType = wrapper.framework; name = RegiftOSX.framework; path = Carthage/Build/Mac/RegiftOSX.framework; sourceTree = "<group>"; };
		0B64CD7C2218BA98004F6321 /* Main.storyboard */ = {isa = PBXFileReference; lastKnownFileType = file.storyboard; path = Main.storyboard; sourceTree = "<group>"; };
		0B64CD7E2218BAF5004F6321 /* WindowListViewController.swift */ = {isa = PBXFileReference; lastKnownFileType = sourcecode.swift; path = WindowListViewController.swift; sourceTree = "<group>"; };
		0B64CD802218BD00004F6321 /* CollectionViewLayoutFactory.swift */ = {isa = PBXFileReference; lastKnownFileType = sourcecode.swift; path = CollectionViewLayoutFactory.swift; sourceTree = "<group>"; };
		0B64CD822218BD51004F6321 /* WindowListViewModel.swift */ = {isa = PBXFileReference; lastKnownFileType = sourcecode.swift; path = WindowListViewModel.swift; sourceTree = "<group>"; };
		0B64CD842218BE38004F6321 /* CollectionViewDataSource.swift */ = {isa = PBXFileReference; lastKnownFileType = sourcecode.swift; path = CollectionViewDataSource.swift; sourceTree = "<group>"; };
		0B64CD882218C936004F6321 /* RecordingButton.swift */ = {isa = PBXFileReference; lastKnownFileType = sourcecode.swift; path = RecordingButton.swift; sourceTree = "<group>"; };
		0B64CD8A2218D215004F6321 /* WindowInfoManager.swift */ = {isa = PBXFileReference; lastKnownFileType = sourcecode.swift; path = WindowInfoManager.swift; sourceTree = "<group>"; };
		0B64CD8C2218D2B5004F6321 /* WindowInfo.swift */ = {isa = PBXFileReference; lastKnownFileType = sourcecode.swift; path = WindowInfo.swift; sourceTree = "<group>"; };
		0B64CD8E2218D4B3004F6321 /* ScreenRecorder.swift */ = {isa = PBXFileReference; lastKnownFileType = sourcecode.swift; path = ScreenRecorder.swift; sourceTree = "<group>"; };
		0B64CD902218D9E1004F6321 /* World.swift */ = {isa = PBXFileReference; lastKnownFileType = sourcecode.swift; path = World.swift; sourceTree = "<group>"; };
		0B64CD922218DA3F004F6321 /* DirectoryHandler.swift */ = {isa = PBXFileReference; lastKnownFileType = sourcecode.swift; path = DirectoryHandler.swift; sourceTree = "<group>"; };
		0B64CD942218DA7D004F6321 /* StringExtension.swift */ = {isa = PBXFileReference; lastKnownFileType = sourcecode.swift; path = StringExtension.swift; sourceTree = "<group>"; };
		0B64CD962218DD5A004F6321 /* ConvertGif.swift */ = {isa = PBXFileReference; fileEncoding = 4; lastKnownFileType = sourcecode.swift; path = ConvertGif.swift; sourceTree = "<group>"; };
		0B64CD9B2218DE1B004F6321 /* Result.swift */ = {isa = PBXFileReference; lastKnownFileType = sourcecode.swift; path = Result.swift; sourceTree = "<group>"; };
		0B64CDA42218E42C004F6321 /* en */ = {isa = PBXFileReference; lastKnownFileType = text.plist.strings; name = en; path = en.lproj/Localizable.strings; sourceTree = "<group>"; };
		0BA261FE221A9DA10068D387 /* BitBucketIntegration.swift */ = {isa = PBXFileReference; fileEncoding = 4; lastKnownFileType = sourcecode.swift; path = BitBucketIntegration.swift; sourceTree = "<group>"; };
		0BA261FF221A9DA10068D387 /* TokenConfiguration.swift */ = {isa = PBXFileReference; fileEncoding = 4; lastKnownFileType = sourcecode.swift; path = TokenConfiguration.swift; sourceTree = "<group>"; };
		0BA26200221A9DA10068D387 /* NSURL+URLParameters.swift */ = {isa = PBXFileReference; fileEncoding = 4; lastKnownFileType = sourcecode.swift; path = "NSURL+URLParameters.swift"; sourceTree = "<group>"; };
		0BA2620A221A9E4A0068D387 /* Router.swift */ = {isa = PBXFileReference; lastKnownFileType = sourcecode.swift; path = Router.swift; sourceTree = "<group>"; };
		0BA2620C221A9F9B0068D387 /* RequestKitSession.swift */ = {isa = PBXFileReference; lastKnownFileType = sourcecode.swift; path = RequestKitSession.swift; sourceTree = "<group>"; };
		0BA2620E221AA7180068D387 /* PullRequests.swift */ = {isa = PBXFileReference; lastKnownFileType = sourcecode.swift; path = PullRequests.swift; sourceTree = "<group>"; };
		0BA26210221AA85F0068D387 /* Dictionary+Additions.swift */ = {isa = PBXFileReference; fileEncoding = 4; lastKnownFileType = sourcecode.swift; path = "Dictionary+Additions.swift"; sourceTree = "<group>"; };
		0BA26212221AAB710068D387 /* String+QueryParameters.swift */ = {isa = PBXFileReference; fileEncoding = 4; lastKnownFileType = sourcecode.swift; path = "String+QueryParameters.swift"; sourceTree = "<group>"; };
		0BA26217221AD42A0068D387 /* IntegrationsPreferencesViewController.swift */ = {isa = PBXFileReference; lastKnownFileType = sourcecode.swift; path = IntegrationsPreferencesViewController.swift; sourceTree = "<group>"; };
		0BD239E822199E09003AF068 /* Automator.framework */ = {isa = PBXFileReference; lastKnownFileType = wrapper.framework; name = Automator.framework; path = System/Library/Frameworks/Automator.framework; sourceTree = SDKROOT; };
		0BD239EA2219A43B003AF068 /* UserInterfaceError.swift */ = {isa = PBXFileReference; lastKnownFileType = sourcecode.swift; path = UserInterfaceError.swift; sourceTree = "<group>"; };
		0BD239EC2219A45D003AF068 /* NSErrorExtension.swift */ = {isa = PBXFileReference; lastKnownFileType = sourcecode.swift; path = NSErrorExtension.swift; sourceTree = "<group>"; };
		0BD239EE2219A477003AF068 /* ErrorMessageProvider.swift */ = {isa = PBXFileReference; lastKnownFileType = sourcecode.swift; path = ErrorMessageProvider.swift; sourceTree = "<group>"; };
		0BE418B2221AE33D00B8E85D /* BitBucketIntegrationViewController.swift */ = {isa = PBXFileReference; lastKnownFileType = sourcecode.swift; path = BitBucketIntegrationViewController.swift; sourceTree = "<group>"; };
		0BE418B4221AE59600B8E85D /* AnnieApplication.swift */ = {isa = PBXFileReference; lastKnownFileType = sourcecode.swift; path = AnnieApplication.swift; sourceTree = "<group>"; };
		0BE418BB221AF3B200B8E85D /* ContainerViewController.swift */ = {isa = PBXFileReference; fileEncoding = 4; lastKnownFileType = sourcecode.swift; path = ContainerViewController.swift; sourceTree = "<group>"; };
		0BE418BD221AF68A00B8E85D /* ContainerPageable.swift */ = {isa = PBXFileReference; lastKnownFileType = sourcecode.swift; path = ContainerPageable.swift; sourceTree = "<group>"; };
		0BE418BF221AFE9B00B8E85D /* NSViewController+Child.swift */ = {isa = PBXFileReference; lastKnownFileType = sourcecode.swift; path = "NSViewController+Child.swift"; sourceTree = "<group>"; };
		0BE418C1221AFF9600B8E85D /* NextContainer.swift */ = {isa = PBXFileReference; lastKnownFileType = sourcecode.swift; path = NextContainer.swift; sourceTree = "<group>"; };
		6BE514A12126A2410068337E /* Annie.app */ = {isa = PBXFileReference; explicitFileType = wrapper.application; includeInIndex = 0; path = Annie.app; sourceTree = BUILT_PRODUCTS_DIR; };
		6BE514A42126A2410068337E /* AppDelegate.swift */ = {isa = PBXFileReference; lastKnownFileType = sourcecode.swift; path = AppDelegate.swift; sourceTree = "<group>"; };
		6BE514A62126A2430068337E /* Assets.xcassets */ = {isa = PBXFileReference; lastKnownFileType = folder.assetcatalog; path = Assets.xcassets; sourceTree = "<group>"; };
		6BE514AB2126A2440068337E /* Info.plist */ = {isa = PBXFileReference; lastKnownFileType = text.plist.xml; path = Info.plist; sourceTree = "<group>"; };
		6BE514B22126A4E60068337E /* CollectionViewItem.swift */ = {isa = PBXFileReference; lastKnownFileType = sourcecode.swift; path = CollectionViewItem.swift; sourceTree = "<group>"; };
		6BE514B32126A4E60068337E /* CollectionViewItem.xib */ = {isa = PBXFileReference; lastKnownFileType = file.xib; path = CollectionViewItem.xib; sourceTree = "<group>"; };
/* End PBXFileReference section */

/* Begin PBXFrameworksBuildPhase section */
		6BE5149E2126A2410068337E /* Frameworks */ = {
			isa = PBXFrameworksBuildPhase;
			buildActionMask = 2147483647;
			files = (
				0B581A362222141B006EF012 /* RegiftOSX.framework in Frameworks */,
				0B581A252221951A006EF012 /* Magnet.framework in Frameworks */,
				0B581A262221951A006EF012 /* KeyHolder.framework in Frameworks */,
			);
			runOnlyForDeploymentPostprocessing = 0;
		};
/* End PBXFrameworksBuildPhase section */

/* Begin PBXGroup section */
		0B202B22221B27D300435657 /* Container */ = {
			isa = PBXGroup;
			children = (
				0B202B25221B27F300435657 /* View */,
				0B202B26221B27F900435657 /* Model */,
			);
			path = Container;
			sourceTree = "<group>";
		};
		0B202B23221B27DC00435657 /* BitBucketIntegration */ = {
			isa = PBXGroup;
			children = (
				0BE418B2221AE33D00B8E85D /* BitBucketIntegrationViewController.swift */,
				0B202B2D221B5D7100435657 /* BitBucketIntegrationError.swift */,
			);
			path = BitBucketIntegration;
			sourceTree = "<group>";
		};
		0B202B24221B27E300435657 /* Finish */ = {
			isa = PBXGroup;
			children = (
				0B202B1C221B11CE00435657 /* FinishViewController.swift */,
			);
			path = Finish;
			sourceTree = "<group>";
		};
		0B202B25221B27F300435657 /* View */ = {
			isa = PBXGroup;
			children = (
				0BE418BB221AF3B200B8E85D /* ContainerViewController.swift */,
			);
			path = View;
			sourceTree = "<group>";
		};
		0B202B26221B27F900435657 /* Model */ = {
			isa = PBXGroup;
			children = (
				0BE418BD221AF68A00B8E85D /* ContainerPageable.swift */,
				0BE418C1221AFF9600B8E85D /* NextContainer.swift */,
			);
			path = Model;
			sourceTree = "<group>";
		};
		0BA261FD221A9DA10068D387 /* Integrations */ = {
			isa = PBXGroup;
			children = (
				0BA26216221AABB70068D387 /* BitBucket */,
			);
			path = Integrations;
			sourceTree = "<group>";
		};
		0BA26214221AAB7B0068D387 /* Extensions */ = {
			isa = PBXGroup;
			children = (
				0BA26210221AA85F0068D387 /* Dictionary+Additions.swift */,
				0BA26212221AAB710068D387 /* String+QueryParameters.swift */,
				0BA26200221A9DA10068D387 /* NSURL+URLParameters.swift */,
			);
			path = Extensions;
			sourceTree = "<group>";
		};
		0BA26215221AAB890068D387 /* Network */ = {
			isa = PBXGroup;
			children = (
				0BA26214221AAB7B0068D387 /* Extensions */,
				0BA2620A221A9E4A0068D387 /* Router.swift */,
				0B202B29221B532B00435657 /* MulitpartFormDataPostRouter.swift */,
				0B202B35221B70E100435657 /* JSONPostRouter.swift */,
				0BA2620C221A9F9B0068D387 /* RequestKitSession.swift */,
				0B202B31221B640500435657 /* NoResponse.swift */,
				0B202B33221B645800435657 /* NetworkError.swift */,
			);
			path = Network;
			sourceTree = "<group>";
		};
		0BA26216221AABB70068D387 /* BitBucket */ = {
			isa = PBXGroup;
			children = (
				0BA261FE221A9DA10068D387 /* BitBucketIntegration.swift */,
				0BA261FF221A9DA10068D387 /* TokenConfiguration.swift */,
				0BA2620E221AA7180068D387 /* PullRequests.swift */,
			);
			path = BitBucket;
			sourceTree = "<group>";
		};
		0BC83202221A07E600FD8CF4 /* Preferences */ = {
			isa = PBXGroup;
			children = (
				0BC83204221A080200FD8CF4 /* View */,
				0BC83203221A07FB00FD8CF4 /* Model */,
			);
			path = Preferences;
			sourceTree = "<group>";
		};
		0BC83203221A07FB00FD8CF4 /* Model */ = {
			isa = PBXGroup;
			children = (
				0B3276CB2219DAA30028F007 /* Preferences.swift */,
			);
			path = Model;
			sourceTree = "<group>";
		};
		0BC83204221A080200FD8CF4 /* View */ = {
			isa = PBXGroup;
			children = (
				0B4309AC22198FAA00766DB0 /* Preferences.storyboard */,
				0B4309AE22198FAA00766DB0 /* PreferencesViewController.swift */,
				0B3276CF2219E6810028F007 /* GeneralPreferencesViewController.swift */,
				0B4309AD22198FAA00766DB0 /* PreferencesWindowController.swift */,
				0BA26217221AD42A0068D387 /* IntegrationsPreferencesViewController.swift */,
				0B581A272221955D006EF012 /* ShortcutPreferencesViewController.swift */,
			);
			path = View;
			sourceTree = "<group>";
		};
		0BC83206221A082F00FD8CF4 /* WindowList */ = {
			isa = PBXGroup;
			children = (
				0BC83207221A083F00FD8CF4 /* Model */,
				0BC83208221A084600FD8CF4 /* View */,
			);
			path = WindowList;
			sourceTree = "<group>";
		};
		0BC83207221A083F00FD8CF4 /* Model */ = {
			isa = PBXGroup;
			children = (
				0B64CD8A2218D215004F6321 /* WindowInfoManager.swift */,
				0B64CD8C2218D2B5004F6321 /* WindowInfo.swift */,
				0B64CD842218BE38004F6321 /* CollectionViewDataSource.swift */,
			);
			path = Model;
			sourceTree = "<group>";
		};
		0BC83208221A084600FD8CF4 /* View */ = {
			isa = PBXGroup;
			children = (
				6BE514B22126A4E60068337E /* CollectionViewItem.swift */,
				6BE514B32126A4E60068337E /* CollectionViewItem.xib */,
				0B64CD802218BD00004F6321 /* CollectionViewLayoutFactory.swift */,
				0B64CD7E2218BAF5004F6321 /* WindowListViewController.swift */,
				0B64CD822218BD51004F6321 /* WindowListViewModel.swift */,
			);
			path = View;
			sourceTree = "<group>";
		};
		0BC83209221A085200FD8CF4 /* Utilities */ = {
			isa = PBXGroup;
			children = (
				0B202B2B221B590400435657 /* MimeType.swift */,
				0B202B2F221B615100435657 /* MarkdownWriter.swift */,
				0B4309A8221926C500766DB0 /* BundleExtension.swift */,
				0B64CD922218DA3F004F6321 /* DirectoryHandler.swift */,
				0B64CD9B2218DE1B004F6321 /* Result.swift */,
				0B64CD942218DA7D004F6321 /* StringExtension.swift */,
				0B3276D62219F1590028F007 /* Sugar.swift */,
				0B3276C92219D9410028F007 /* UserDefaultsExtension.swift */,
				0B64CD902218D9E1004F6321 /* World.swift */,
				0BC8320B221A087700FD8CF4 /* Error */,
				0BC8320A221A086E00FD8CF4 /* ValueTransformer */,
				0B581A29222199EA006EF012 /* HotKeyService.swift */,
				0B581A2B22219B1E006EF012 /* HotKeyType.swift */,
				0B581A2D22219C6A006EF012 /* NSCoding+Archive.swift */,
			);
			path = Utilities;
			sourceTree = "<group>";
		};
		0BC8320A221A086E00FD8CF4 /* ValueTransformer */ = {
			isa = PBXGroup;
			children = (
				0B3276D22219F01F0028F007 /* PathFromFilePathOrURLTransformer.swift */,
				0B3276CD2219E47A0028F007 /* NumberValueTransformer.swift */,
				0B3276DA2219F7360028F007 /* ValueTransformerFactory.swift */,
			);
			path = ValueTransformer;
			sourceTree = "<group>";
		};
		0BC8320B221A087700FD8CF4 /* Error */ = {
			isa = PBXGroup;
			children = (
				0BD239EA2219A43B003AF068 /* UserInterfaceError.swift */,
				0BD239EC2219A45D003AF068 /* NSErrorExtension.swift */,
				0BD239EE2219A477003AF068 /* ErrorMessageProvider.swift */,
			);
			path = Error;
			sourceTree = "<group>";
		};
		0BC8320C221A08CE00FD8CF4 /* Custom Views */ = {
			isa = PBXGroup;
			children = (
				0B202B1E221B1E7100435657 /* DeselectableTableView.swift */,
				0BE418BF221AFE9B00B8E85D /* NSViewController+Child.swift */,
				0B202B20221B263800435657 /* NSView+Animation.swift */,
				0B64CD882218C936004F6321 /* RecordingButton.swift */,
				0B3276D42219F0E10028F007 /* PopUpButtonLikePathControl.swift */,
			);
			path = "Custom Views";
			sourceTree = "<group>";
		};
		0BC8320D221A08EB00FD8CF4 /* VideoHandling */ = {
			isa = PBXGroup;
			children = (
				0B64CD962218DD5A004F6321 /* ConvertGif.swift */,
				0B64CD8E2218D4B3004F6321 /* ScreenRecorder.swift */,
				0B4309A6221916C500766DB0 /* VideoPlayerViewController.swift */,
			);
			path = VideoHandling;
			sourceTree = "<group>";
		};
		0BD239E722199E09003AF068 /* Frameworks */ = {
			isa = PBXGroup;
			children = (
				0B581A352222141B006EF012 /* RegiftOSX.framework */,
				0B581A242221951A006EF012 /* KeyHolder.framework */,
				0B581A232221951A006EF012 /* Magnet.framework */,
				0BD239E822199E09003AF068 /* Automator.framework */,
			);
			name = Frameworks;
			sourceTree = "<group>";
		};
		6BE514982126A2400068337E = {
			isa = PBXGroup;
			children = (
				6BE514A32126A2410068337E /* Annie */,
				6BE514A22126A2410068337E /* Products */,
				0BD239E722199E09003AF068 /* Frameworks */,
			);
			sourceTree = "<group>";
		};
		6BE514A22126A2410068337E /* Products */ = {
			isa = PBXGroup;
			children = (
				6BE514A12126A2410068337E /* Annie.app */,
			);
			name = Products;
			sourceTree = "<group>";
		};
		6BE514A32126A2410068337E /* Annie */ = {
			isa = PBXGroup;
			children = (
				0B64CD7C2218BA98004F6321 /* Main.storyboard */,
				6BE514A42126A2410068337E /* AppDelegate.swift */,
				0BE418B4221AE59600B8E85D /* AnnieApplication.swift */,
				0B581A2F22219CC0006EF012 /* Constants.swift */,
				0B581A312221AD98006EF012 /* CutoutWindow.swift */,
				0B581A3322220A82006EF012 /* OptionViewController.swift */,
				0B202B23221B27DC00435657 /* BitBucketIntegration */,
				0B202B22221B27D300435657 /* Container */,
				0BC8320C221A08CE00FD8CF4 /* Custom Views */,
				0B202B24221B27E300435657 /* Finish */,
				0BA261FD221A9DA10068D387 /* Integrations */,
				0BA26215221AAB890068D387 /* Network */,
				0BC83202221A07E600FD8CF4 /* Preferences */,
				0BC83209221A085200FD8CF4 /* Utilities */,
				0BC8320D221A08EB00FD8CF4 /* VideoHandling */,
				0BC83206221A082F00FD8CF4 /* WindowList */,
				0B3276D12219E94C0028F007 /* Annie.entitlements */,
				6BE514AB2126A2440068337E /* Info.plist */,
				6BE514A62126A2430068337E /* Assets.xcassets */,
				0B64CDA52218E42C004F6321 /* Localizable.strings */,
			);
			path = Annie;
			sourceTree = "<group>";
		};
/* End PBXGroup section */

/* Begin PBXNativeTarget section */
		6BE514A02126A2410068337E /* Annie */ = {
			isa = PBXNativeTarget;
			buildConfigurationList = 6BE514AF2126A2440068337E /* Build configuration list for PBXNativeTarget "Annie" */;
			buildPhases = (
				6BE5149D2126A2410068337E /* Sources */,
				6BE5149E2126A2410068337E /* Frameworks */,
				6BE5149F2126A2410068337E /* Resources */,
				0B581A22222194BD006EF012 /* Carthage Copy Frameworks */,
			);
			buildRules = (
			);
			dependencies = (
			);
			name = Annie;
			productName = AllWindows;
			productReference = 6BE514A12126A2410068337E /* Annie.app */;
			productType = "com.apple.product-type.application";
		};
/* End PBXNativeTarget section */

/* Begin PBXProject section */
		6BE514992126A2400068337E /* Project object */ = {
			isa = PBXProject;
			attributes = {
				LastSwiftUpdateCheck = 0940;
				LastUpgradeCheck = 0940;
				ORGANIZATIONNAME = "Yumemi Inc.";
				TargetAttributes = {
					6BE514A02126A2410068337E = {
						CreatedOnToolsVersion = 9.4.1;
						LastSwiftMigration = 1000;
						SystemCapabilities = {
							com.apple.Sandbox = {
								enabled = 0;
							};
						};
					};
				};
			};
			buildConfigurationList = 6BE5149C2126A2400068337E /* Build configuration list for PBXProject "Annie" */;
			compatibilityVersion = "Xcode 9.3";
			developmentRegion = en;
			hasScannedForEncodings = 0;
			knownRegions = (
				en,
				Base,
			);
			mainGroup = 6BE514982126A2400068337E;
			productRefGroup = 6BE514A22126A2410068337E /* Products */;
			projectDirPath = "";
			projectRoot = "";
			targets = (
				6BE514A02126A2410068337E /* Annie */,
			);
		};
/* End PBXProject section */

/* Begin PBXResourcesBuildPhase section */
		6BE5149F2126A2410068337E /* Resources */ = {
			isa = PBXResourcesBuildPhase;
			buildActionMask = 2147483647;
			files = (
				0B64CDA32218E42C004F6321 /* Localizable.strings in Resources */,
				6BE514A72126A2430068337E /* Assets.xcassets in Resources */,
				6BE514B52126A4E60068337E /* CollectionViewItem.xib in Resources */,
				0B4309AF22198FAA00766DB0 /* Preferences.storyboard in Resources */,
				0B64CD7D2218BA99004F6321 /* Main.storyboard in Resources */,
			);
			runOnlyForDeploymentPostprocessing = 0;
		};
/* End PBXResourcesBuildPhase section */

/* Begin PBXShellScriptBuildPhase section */
		0B581A22222194BD006EF012 /* Carthage Copy Frameworks */ = {
			isa = PBXShellScriptBuildPhase;
			buildActionMask = 2147483647;
			files = (
			);
			inputFileListPaths = (
			);
			inputPaths = (
				"$(SRCROOT)/Carthage/Build/Mac/Magnet.framework",
				"$(SRCROOT)/Carthage/Build/Mac/KeyHolder.framework",
				"$(SRCROOT)/Carthage/Build/Mac/RegiftOSX.framework",
			);
			name = "Carthage Copy Frameworks";
			outputFileListPaths = (
			);
			outputPaths = (
				"$(BUILT_PRODUCTS_DIR)/$(FRAMEWORKS_FOLDER_PATH)/Magnet.framework\n",
				"$(BUILT_PRODUCTS_DIR)/$(FRAMEWORKS_FOLDER_PATH)/KeyHolder.framework\n",
				"$(BUILT_PRODUCTS_DIR)/$(FRAMEWORKS_FOLDER_PATH)/RegiftOSX.framework",
			);
			runOnlyForDeploymentPostprocessing = 0;
			shellPath = /bin/sh;
			shellScript = "/usr/local/bin/carthage copy-frameworks\n";
		};
/* End PBXShellScriptBuildPhase section */

/* Begin PBXSourcesBuildPhase section */
		6BE5149D2126A2410068337E /* Sources */ = {
			isa = PBXSourcesBuildPhase;
			buildActionMask = 2147483647;
			files = (
				0BE418C2221AFF9600B8E85D /* NextContainer.swift in Sources */,
				0B64CD892218C936004F6321 /* RecordingButton.swift in Sources */,
				0B64CD7F2218BAF5004F6321 /* WindowListViewController.swift in Sources */,
				0B64CD812218BD00004F6321 /* CollectionViewLayoutFactory.swift in Sources */,
				0B202B2A221B532B00435657 /* MulitpartFormDataPostRouter.swift in Sources */,
				0B4309A7221916C500766DB0 /* VideoPlayerViewController.swift in Sources */,
				0B4309A9221926C500766DB0 /* BundleExtension.swift in Sources */,
				0B3276D32219F01F0028F007 /* PathFromFilePathOrURLTransformer.swift in Sources */,
				0B3276CE2219E47A0028F007 /* NumberValueTransformer.swift in Sources */,
				0BD239EF2219A477003AF068 /* ErrorMessageProvider.swift in Sources */,
				0BA26211221AA85F0068D387 /* Dictionary+Additions.swift in Sources */,
				0B64CD832218BD51004F6321 /* WindowListViewModel.swift in Sources */,
				0B64CD932218DA3F004F6321 /* DirectoryHandler.swift in Sources */,
				0B3276D52219F0E10028F007 /* PopUpButtonLikePathControl.swift in Sources */,
				6BE514A52126A2410068337E /* AppDelegate.swift in Sources */,
				0BA26213221AAB710068D387 /* String+QueryParameters.swift in Sources */,
				0B64CD9C2218DE1B004F6321 /* Result.swift in Sources */,
				0BE418BC221AF3B200B8E85D /* ContainerViewController.swift in Sources */,
				0B581A2A222199EA006EF012 /* HotKeyService.swift in Sources */,
				0B64CD972218DD5A004F6321 /* ConvertGif.swift in Sources */,
				0BA2620D221A9F9B0068D387 /* RequestKitSession.swift in Sources */,
				0B3276CA2219D9410028F007 /* UserDefaultsExtension.swift in Sources */,
				0B3276D02219E6810028F007 /* GeneralPreferencesViewController.swift in Sources */,
				6BE514B42126A4E60068337E /* CollectionViewItem.swift in Sources */,
				0B202B30221B615100435657 /* MarkdownWriter.swift in Sources */,
				0B581A322221AD98006EF012 /* CutoutWindow.swift in Sources */,
				0BD239EB2219A43B003AF068 /* UserInterfaceError.swift in Sources */,
				0BE418B5221AE59600B8E85D /* AnnieApplication.swift in Sources */,
				0BA2620F221AA7180068D387 /* PullRequests.swift in Sources */,
				0B64CD8D2218D2B5004F6321 /* WindowInfo.swift in Sources */,
				0B3276CC2219DAA30028F007 /* Preferences.swift in Sources */,
				0B64CD912218D9E1004F6321 /* World.swift in Sources */,
				0B64CD8B2218D215004F6321 /* WindowInfoManager.swift in Sources */,
				0BD239ED2219A45D003AF068 /* NSErrorExtension.swift in Sources */,
				0BA2620B221A9E4A0068D387 /* Router.swift in Sources */,
				0B202B34221B645800435657 /* NetworkError.swift in Sources */,
				0B581A3022219CC0006EF012 /* Constants.swift in Sources */,
				0B202B21221B263800435657 /* NSView+Animation.swift in Sources */,
				0B581A2E22219C6A006EF012 /* NSCoding+Archive.swift in Sources */,
				0B202B2C221B590400435657 /* MimeType.swift in Sources */,
				0BA26218221AD42A0068D387 /* IntegrationsPreferencesViewController.swift in Sources */,
				0B202B1F221B1E7100435657 /* DeselectableTableView.swift in Sources */,
				0B64CD852218BE38004F6321 /* CollectionViewDataSource.swift in Sources */,
				0B3276DB2219F7360028F007 /* ValueTransformerFactory.swift in Sources */,
				0B64CD952218DA7D004F6321 /* StringExtension.swift in Sources */,
				0B202B32221B640500435657 /* NoResponse.swift in Sources */,
				0B581A2C22219B1E006EF012 /* HotKeyType.swift in Sources */,
				0BE418B3221AE33D00B8E85D /* BitBucketIntegrationViewController.swift in Sources */,
				0BE418BE221AF68A00B8E85D /* ContainerPageable.swift in Sources */,
				0B4309B022198FAA00766DB0 /* PreferencesWindowController.swift in Sources */,
				0B64CD8F2218D4B3004F6321 /* ScreenRecorder.swift in Sources */,
				0B3276D72219F1590028F007 /* Sugar.swift in Sources */,
				0BE418C0221AFE9B00B8E85D /* NSViewController+Child.swift in Sources */,
				0BA26205221A9DA10068D387 /* TokenConfiguration.swift in Sources */,
				0BA26204221A9DA10068D387 /* BitBucketIntegration.swift in Sources */,
				0BA26206221A9DA10068D387 /* NSURL+URLParameters.swift in Sources */,
				0B4309B122198FAA00766DB0 /* PreferencesViewController.swift in Sources */,
				0B202B36221B70E100435657 /* JSONPostRouter.swift in Sources */,
				0B202B2E221B5D7100435657 /* BitBucketIntegrationError.swift in Sources */,
				0B202B1D221B11CE00435657 /* FinishViewController.swift in Sources */,
				0B581A282221955D006EF012 /* ShortcutPreferencesViewController.swift in Sources */,
				0B581A3422220A82006EF012 /* OptionViewController.swift in Sources */,
			);
			runOnlyForDeploymentPostprocessing = 0;
		};
/* End PBXSourcesBuildPhase section */

/* Begin PBXVariantGroup section */
		0B64CDA52218E42C004F6321 /* Localizable.strings */ = {
			isa = PBXVariantGroup;
			children = (
				0B64CDA42218E42C004F6321 /* en */,
			);
			name = Localizable.strings;
			sourceTree = "<group>";
		};
/* End PBXVariantGroup section */

/* Begin XCBuildConfiguration section */
		6BE514AD2126A2440068337E /* Debug */ = {
			isa = XCBuildConfiguration;
			buildSettings = {
				ALWAYS_SEARCH_USER_PATHS = NO;
				CLANG_ANALYZER_NONNULL = YES;
				CLANG_ANALYZER_NUMBER_OBJECT_CONVERSION = YES_AGGRESSIVE;
				CLANG_CXX_LANGUAGE_STANDARD = "gnu++14";
				CLANG_CXX_LIBRARY = "libc++";
				CLANG_ENABLE_MODULES = YES;
				CLANG_ENABLE_OBJC_ARC = YES;
				CLANG_ENABLE_OBJC_WEAK = YES;
				CLANG_WARN_BLOCK_CAPTURE_AUTORELEASING = YES;
				CLANG_WARN_BOOL_CONVERSION = YES;
				CLANG_WARN_COMMA = YES;
				CLANG_WARN_CONSTANT_CONVERSION = YES;
				CLANG_WARN_DEPRECATED_OBJC_IMPLEMENTATIONS = YES;
				CLANG_WARN_DIRECT_OBJC_ISA_USAGE = YES_ERROR;
				CLANG_WARN_DOCUMENTATION_COMMENTS = YES;
				CLANG_WARN_EMPTY_BODY = YES;
				CLANG_WARN_ENUM_CONVERSION = YES;
				CLANG_WARN_INFINITE_RECURSION = YES;
				CLANG_WARN_INT_CONVERSION = YES;
				CLANG_WARN_NON_LITERAL_NULL_CONVERSION = YES;
				CLANG_WARN_OBJC_IMPLICIT_RETAIN_SELF = YES;
				CLANG_WARN_OBJC_LITERAL_CONVERSION = YES;
				CLANG_WARN_OBJC_ROOT_CLASS = YES_ERROR;
				CLANG_WARN_RANGE_LOOP_ANALYSIS = YES;
				CLANG_WARN_STRICT_PROTOTYPES = YES;
				CLANG_WARN_SUSPICIOUS_MOVE = YES;
				CLANG_WARN_UNGUARDED_AVAILABILITY = YES_AGGRESSIVE;
				CLANG_WARN_UNREACHABLE_CODE = YES;
				CLANG_WARN__DUPLICATE_METHOD_MATCH = YES;
				CODE_SIGN_IDENTITY = "-";
				COPY_PHASE_STRIP = NO;
				DEBUG_INFORMATION_FORMAT = dwarf;
				ENABLE_STRICT_OBJC_MSGSEND = YES;
				ENABLE_TESTABILITY = YES;
				GCC_C_LANGUAGE_STANDARD = gnu11;
				GCC_DYNAMIC_NO_PIC = NO;
				GCC_NO_COMMON_BLOCKS = YES;
				GCC_OPTIMIZATION_LEVEL = 0;
				GCC_PREPROCESSOR_DEFINITIONS = (
					"DEBUG=1",
					"$(inherited)",
				);
				GCC_WARN_64_TO_32_BIT_CONVERSION = YES;
				GCC_WARN_ABOUT_RETURN_TYPE = YES_ERROR;
				GCC_WARN_UNDECLARED_SELECTOR = YES;
				GCC_WARN_UNINITIALIZED_AUTOS = YES_AGGRESSIVE;
				GCC_WARN_UNUSED_FUNCTION = YES;
				GCC_WARN_UNUSED_VARIABLE = YES;
				MACOSX_DEPLOYMENT_TARGET = 10.14;
				MTL_ENABLE_DEBUG_INFO = YES;
				ONLY_ACTIVE_ARCH = YES;
				SDKROOT = macosx;
				SWIFT_ACTIVE_COMPILATION_CONDITIONS = DEBUG;
				SWIFT_OPTIMIZATION_LEVEL = "-Onone";
			};
			name = Debug;
		};
		6BE514AE2126A2440068337E /* Release */ = {
			isa = XCBuildConfiguration;
			buildSettings = {
				ALWAYS_SEARCH_USER_PATHS = NO;
				CLANG_ANALYZER_NONNULL = YES;
				CLANG_ANALYZER_NUMBER_OBJECT_CONVERSION = YES_AGGRESSIVE;
				CLANG_CXX_LANGUAGE_STANDARD = "gnu++14";
				CLANG_CXX_LIBRARY = "libc++";
				CLANG_ENABLE_MODULES = YES;
				CLANG_ENABLE_OBJC_ARC = YES;
				CLANG_ENABLE_OBJC_WEAK = YES;
				CLANG_WARN_BLOCK_CAPTURE_AUTORELEASING = YES;
				CLANG_WARN_BOOL_CONVERSION = YES;
				CLANG_WARN_COMMA = YES;
				CLANG_WARN_CONSTANT_CONVERSION = YES;
				CLANG_WARN_DEPRECATED_OBJC_IMPLEMENTATIONS = YES;
				CLANG_WARN_DIRECT_OBJC_ISA_USAGE = YES_ERROR;
				CLANG_WARN_DOCUMENTATION_COMMENTS = YES;
				CLANG_WARN_EMPTY_BODY = YES;
				CLANG_WARN_ENUM_CONVERSION = YES;
				CLANG_WARN_INFINITE_RECURSION = YES;
				CLANG_WARN_INT_CONVERSION = YES;
				CLANG_WARN_NON_LITERAL_NULL_CONVERSION = YES;
				CLANG_WARN_OBJC_IMPLICIT_RETAIN_SELF = YES;
				CLANG_WARN_OBJC_LITERAL_CONVERSION = YES;
				CLANG_WARN_OBJC_ROOT_CLASS = YES_ERROR;
				CLANG_WARN_RANGE_LOOP_ANALYSIS = YES;
				CLANG_WARN_STRICT_PROTOTYPES = YES;
				CLANG_WARN_SUSPICIOUS_MOVE = YES;
				CLANG_WARN_UNGUARDED_AVAILABILITY = YES_AGGRESSIVE;
				CLANG_WARN_UNREACHABLE_CODE = YES;
				CLANG_WARN__DUPLICATE_METHOD_MATCH = YES;
				CODE_SIGN_IDENTITY = "-";
				COPY_PHASE_STRIP = NO;
				DEBUG_INFORMATION_FORMAT = "dwarf-with-dsym";
				ENABLE_NS_ASSERTIONS = NO;
				ENABLE_STRICT_OBJC_MSGSEND = YES;
				GCC_C_LANGUAGE_STANDARD = gnu11;
				GCC_NO_COMMON_BLOCKS = YES;
				GCC_WARN_64_TO_32_BIT_CONVERSION = YES;
				GCC_WARN_ABOUT_RETURN_TYPE = YES_ERROR;
				GCC_WARN_UNDECLARED_SELECTOR = YES;
				GCC_WARN_UNINITIALIZED_AUTOS = YES_AGGRESSIVE;
				GCC_WARN_UNUSED_FUNCTION = YES;
				GCC_WARN_UNUSED_VARIABLE = YES;
				MACOSX_DEPLOYMENT_TARGET = 10.14;
				MTL_ENABLE_DEBUG_INFO = NO;
				SDKROOT = macosx;
				SWIFT_COMPILATION_MODE = wholemodule;
				SWIFT_OPTIMIZATION_LEVEL = "-O";
			};
			name = Release;
		};
		6BE514B02126A2440068337E /* Debug */ = {
			isa = XCBuildConfiguration;
			buildSettings = {
				ASSETCATALOG_COMPILER_APPICON_NAME = AppIcon;
				CODE_SIGN_IDENTITY = "Mac Developer";
				CODE_SIGN_STYLE = Automatic;
				COMBINE_HIDPI_IMAGES = YES;
				DEVELOPMENT_TEAM = UQGQH2VG43;
				FRAMEWORK_SEARCH_PATHS = (
					"$(inherited)",
					"$(PROJECT_DIR)/Carthage/Build/Mac",
				);
				INFOPLIST_FILE = Annie/Info.plist;
				LD_RUNPATH_SEARCH_PATHS = (
					"$(inherited)",
					"@executable_path/../Frameworks",
				);
				MACOSX_DEPLOYMENT_TARGET = 10.14;
				PRODUCT_BUNDLE_IDENTIFIER = com.davidehlen.Annie;
				PRODUCT_NAME = "$(TARGET_NAME)";
				PROVISIONING_PROFILE_SPECIFIER = "";
				SWIFT_VERSION = 4.2;
			};
			name = Debug;
		};
		6BE514B12126A2440068337E /* Release */ = {
			isa = XCBuildConfiguration;
			buildSettings = {
				ASSETCATALOG_COMPILER_APPICON_NAME = AppIcon;
				CODE_SIGN_IDENTITY = "Mac Developer";
				CODE_SIGN_STYLE = Automatic;
				COMBINE_HIDPI_IMAGES = YES;
				DEVELOPMENT_TEAM = UQGQH2VG43;
				FRAMEWORK_SEARCH_PATHS = (
					"$(inherited)",
					"$(PROJECT_DIR)/Carthage/Build/Mac",
				);
				INFOPLIST_FILE = Annie/Info.plist;
				LD_RUNPATH_SEARCH_PATHS = (
					"$(inherited)",
					"@executable_path/../Frameworks",
				);
				MACOSX_DEPLOYMENT_TARGET = 10.14;
				PRODUCT_BUNDLE_IDENTIFIER = com.davidehlen.Annie;
				PRODUCT_NAME = "$(TARGET_NAME)";
				PROVISIONING_PROFILE_SPECIFIER = "";
				SWIFT_VERSION = 4.2;
			};
			name = Release;
		};
/* End XCBuildConfiguration section */

/* Begin XCConfigurationList section */
		6BE5149C2126A2400068337E /* Build configuration list for PBXProject "Annie" */ = {
			isa = XCConfigurationList;
			buildConfigurations = (
				6BE514AD2126A2440068337E /* Debug */,
				6BE514AE2126A2440068337E /* Release */,
			);
			defaultConfigurationIsVisible = 0;
			defaultConfigurationName = Release;
		};
		6BE514AF2126A2440068337E /* Build configuration list for PBXNativeTarget "Annie" */ = {
			isa = XCConfigurationList;
			buildConfigurations = (
				6BE514B02126A2440068337E /* Debug */,
				6BE514B12126A2440068337E /* Release */,
			);
			defaultConfigurationIsVisible = 0;
			defaultConfigurationName = Release;
		};
/* End XCConfigurationList section */
	};
	rootObject = 6BE514992126A2400068337E /* Project object */;
}
